{
  "version": 4,
  "terraform_version": "1.11.1",
  "serial": 398,
  "lineage": "ef21010b-1c83-27c3-c4c6-59d15abf05e7",
  "outputs": {},
  "resources": [
    {
      "mode": "managed",
      "type": "iosxr_interface",
      "name": "INT-RR1-Gi1",
      "provider": "provider[\"registry.terraform.io/ciscodevnet/iosxr\"].SR-RR",
      "instances": [
        {
          "schema_version": 0,
          "attributes": {
            "bandwidth": null,
            "bfd_mode_ietf": null,
            "bundle_id": null,
            "bundle_id_mode": null,
            "bundle_load_balancing_hash_dst_ip": null,
            "bundle_load_balancing_hash_src_ip": null,
            "bundle_maximum_active_links": null,
            "bundle_minimum_active_links": null,
            "bundle_port_priority": null,
            "bundle_shutdown": null,
            "cdp": null,
            "dampening_decay_half_life_value": null,
            "delete_mode": null,
            "description": "*** RR1 Gi1 - SR1 Gi0 ***",
            "device": null,
            "encapsulation_dot1q_vlan_id": null,
            "flow_ipv4_egress_monitor_samplers": null,
            "flow_ipv4_egress_monitors": null,
            "flow_ipv4_ingress_monitor_samplers": null,
            "flow_ipv4_ingress_monitors": null,
            "flow_ipv6_egress_monitor_samplers": null,
            "flow_ipv6_egress_monitors": null,
            "flow_ipv6_ingress_monitor_samplers": null,
            "flow_ipv6_ingress_monitors": null,
            "id": "Cisco-IOS-XR-um-interface-cfg:/interfaces/interface[interface-name=GigabitEthernet0/0/0/1]",
            "interface_name": "GigabitEthernet0/0/0/1",
            "ipv4_access_group_egress_acl": null,
            "ipv4_access_group_egress_compress_level": null,
            "ipv4_access_group_egress_hardware_count": null,
            "ipv4_access_group_egress_interface_statistics": null,
            "ipv4_access_group_ingress_acl1": null,
            "ipv4_access_group_ingress_compress_level": null,
            "ipv4_access_group_ingress_hardware_count": null,
            "ipv4_access_group_ingress_interface_statistics": null,
            "ipv4_address": "10.1.5.1",
            "ipv4_netmask": "255.255.255.254",
            "ipv4_point_to_point": null,
            "ipv4_verify_unicast_source_reachable_via_allow_default": null,
            "ipv4_verify_unicast_source_reachable_via_allow_self_ping": null,
            "ipv4_verify_unicast_source_reachable_via_type": null,
            "ipv6_access_group_egress_acl1": null,
            "ipv6_access_group_egress_compress_level": null,
            "ipv6_access_group_egress_interface_statistics": null,
            "ipv6_access_group_ingress_acl1": null,
            "ipv6_access_group_ingress_compress_level": null,
            "ipv6_access_group_ingress_interface_statistics": null,
            "ipv6_addresses": null,
            "ipv6_autoconfig": null,
            "ipv6_enable": null,
            "ipv6_link_local_address": null,
            "ipv6_link_local_zone": null,
            "ipv6_verify_unicast_source_reachable_via_allow_default": null,
            "ipv6_verify_unicast_source_reachable_via_allow_self_ping": null,
            "ipv6_verify_unicast_source_reachable_via_type": null,
            "l2transport": null,
            "l2transport_encapsulation_dot1q_second_dot1q": null,
            "l2transport_encapsulation_dot1q_vlan_id": null,
            "load_interval": null,
            "mtu": null,
            "multipoint": null,
            "point_to_point": null,
            "rewrite_ingress_tag_pop_one": null,
            "rewrite_ingress_tag_pop_two": null,
            "service_policy_input": null,
            "service_policy_output": null,
            "shutdown": false,
            "unnumbered": null,
            "vrf": null
          },
          "sensitive_attributes": []
        }
      ]
    },
    {
      "mode": "managed",
      "type": "iosxr_interface",
      "name": "INT-RR1-Gi2",
      "provider": "provider[\"registry.terraform.io/ciscodevnet/iosxr\"].SR-RR",
      "instances": [
        {
          "schema_version": 0,
          "attributes": {
            "bandwidth": null,
            "bfd_mode_ietf": null,
            "bundle_id": null,
            "bundle_id_mode": null,
            "bundle_load_balancing_hash_dst_ip": null,
            "bundle_load_balancing_hash_src_ip": null,
            "bundle_maximum_active_links": null,
            "bundle_minimum_active_links": null,
            "bundle_port_priority": null,
            "bundle_shutdown": null,
            "cdp": null,
            "dampening_decay_half_life_value": null,
            "delete_mode": null,
            "description": "*** RR1 Gi2 - SR2 Gi0 ***",
            "device": null,
            "encapsulation_dot1q_vlan_id": null,
            "flow_ipv4_egress_monitor_samplers": null,
            "flow_ipv4_egress_monitors": null,
            "flow_ipv4_ingress_monitor_samplers": null,
            "flow_ipv4_ingress_monitors": null,
            "flow_ipv6_egress_monitor_samplers": null,
            "flow_ipv6_egress_monitors": null,
            "flow_ipv6_ingress_monitor_samplers": null,
            "flow_ipv6_ingress_monitors": null,
            "id": "Cisco-IOS-XR-um-interface-cfg:/interfaces/interface[interface-name=GigabitEthernet0/0/0/2]",
            "interface_name": "GigabitEthernet0/0/0/2",
            "ipv4_access_group_egress_acl": null,
            "ipv4_access_group_egress_compress_level": null,
            "ipv4_access_group_egress_hardware_count": null,
            "ipv4_access_group_egress_interface_statistics": null,
            "ipv4_access_group_ingress_acl1": null,
            "ipv4_access_group_ingress_compress_level": null,
            "ipv4_access_group_ingress_hardware_count": null,
            "ipv4_access_group_ingress_interface_statistics": null,
            "ipv4_address": "10.2.5.1",
            "ipv4_netmask": "255.255.255.254",
            "ipv4_point_to_point": null,
            "ipv4_verify_unicast_source_reachable_via_allow_default": null,
            "ipv4_verify_unicast_source_reachable_via_allow_self_ping": null,
            "ipv4_verify_unicast_source_reachable_via_type": null,
            "ipv6_access_group_egress_acl1": null,
            "ipv6_access_group_egress_compress_level": null,
            "ipv6_access_group_egress_interface_statistics": null,
            "ipv6_access_group_ingress_acl1": null,
            "ipv6_access_group_ingress_compress_level": null,
            "ipv6_access_group_ingress_interface_statistics": null,
            "ipv6_addresses": null,
            "ipv6_autoconfig": null,
            "ipv6_enable": null,
            "ipv6_link_local_address": null,
            "ipv6_link_local_zone": null,
            "ipv6_verify_unicast_source_reachable_via_allow_default": null,
            "ipv6_verify_unicast_source_reachable_via_allow_self_ping": null,
            "ipv6_verify_unicast_source_reachable_via_type": null,
            "l2transport": null,
            "l2transport_encapsulation_dot1q_second_dot1q": null,
            "l2transport_encapsulation_dot1q_vlan_id": null,
            "load_interval": null,
            "mtu": null,
            "multipoint": null,
            "point_to_point": null,
            "rewrite_ingress_tag_pop_one": null,
            "rewrite_ingress_tag_pop_two": null,
            "service_policy_input": null,
            "service_policy_output": null,
            "shutdown": false,
            "unnumbered": null,
            "vrf": null
          },
          "sensitive_attributes": []
        }
      ]
    },
    {
      "mode": "managed",
      "type": "iosxr_interface",
      "name": "INT-RR1-Lo0",
      "provider": "provider[\"registry.terraform.io/ciscodevnet/iosxr\"].SR-RR",
      "instances": [
        {
          "schema_version": 0,
          "attributes": {
            "bandwidth": null,
            "bfd_mode_ietf": null,
            "bundle_id": null,
            "bundle_id_mode": null,
            "bundle_load_balancing_hash_dst_ip": null,
            "bundle_load_balancing_hash_src_ip": null,
            "bundle_maximum_active_links": null,
            "bundle_minimum_active_links": null,
            "bundle_port_priority": null,
            "bundle_shutdown": null,
            "cdp": null,
            "dampening_decay_half_life_value": null,
            "delete_mode": null,
            "description": "*** Lo0 - RR1 Loopback ***",
            "device": null,
            "encapsulation_dot1q_vlan_id": null,
            "flow_ipv4_egress_monitor_samplers": null,
            "flow_ipv4_egress_monitors": null,
            "flow_ipv4_ingress_monitor_samplers": null,
            "flow_ipv4_ingress_monitors": null,
            "flow_ipv6_egress_monitor_samplers": null,
            "flow_ipv6_egress_monitors": null,
            "flow_ipv6_ingress_monitor_samplers": null,
            "flow_ipv6_ingress_monitors": null,
            "id": "Cisco-IOS-XR-um-interface-cfg:/interfaces/interface[interface-name=Loopback0]",
            "interface_name": "Loopback0",
            "ipv4_access_group_egress_acl": null,
            "ipv4_access_group_egress_compress_level": null,
            "ipv4_access_group_egress_hardware_count": null,
            "ipv4_access_group_egress_interface_statistics": null,
            "ipv4_access_group_ingress_acl1": null,
            "ipv4_access_group_ingress_compress_level": null,
            "ipv4_access_group_ingress_hardware_count": null,
            "ipv4_access_group_ingress_interface_statistics": null,
            "ipv4_address": "5.5.5.1",
            "ipv4_netmask": "255.255.255.255",
            "ipv4_point_to_point": null,
            "ipv4_verify_unicast_source_reachable_via_allow_default": null,
            "ipv4_verify_unicast_source_reachable_via_allow_self_ping": null,
            "ipv4_verify_unicast_source_reachable_via_type": null,
            "ipv6_access_group_egress_acl1": null,
            "ipv6_access_group_egress_compress_level": null,
            "ipv6_access_group_egress_interface_statistics": null,
            "ipv6_access_group_ingress_acl1": null,
            "ipv6_access_group_ingress_compress_level": null,
            "ipv6_access_group_ingress_interface_statistics": null,
            "ipv6_addresses": null,
            "ipv6_autoconfig": null,
            "ipv6_enable": null,
            "ipv6_link_local_address": null,
            "ipv6_link_local_zone": null,
            "ipv6_verify_unicast_source_reachable_via_allow_default": null,
            "ipv6_verify_unicast_source_reachable_via_allow_self_ping": null,
            "ipv6_verify_unicast_source_reachable_via_type": null,
            "l2transport": null,
            "l2transport_encapsulation_dot1q_second_dot1q": null,
            "l2transport_encapsulation_dot1q_vlan_id": null,
            "load_interval": null,
            "mtu": null,
            "multipoint": null,
            "point_to_point": null,
            "rewrite_ingress_tag_pop_one": null,
            "rewrite_ingress_tag_pop_two": null,
            "service_policy_input": null,
            "service_policy_output": null,
            "shutdown": false,
            "unnumbered": null,
            "vrf": null
          },
          "sensitive_attributes": []
        }
      ]
    },
    {
      "mode": "managed",
      "type": "iosxr_interface",
      "name": "INT-SR1-Gi0",
      "provider": "provider[\"registry.terraform.io/ciscodevnet/iosxr\"].SR-R1",
      "instances": [
        {
          "schema_version": 0,
          "attributes": {
            "bandwidth": null,
            "bfd_mode_ietf": null,
            "bundle_id": null,
            "bundle_id_mode": null,
            "bundle_load_balancing_hash_dst_ip": null,
            "bundle_load_balancing_hash_src_ip": null,
            "bundle_maximum_active_links": null,
            "bundle_minimum_active_links": null,
            "bundle_port_priority": null,
            "bundle_shutdown": null,
            "cdp": null,
            "dampening_decay_half_life_value": null,
            "delete_mode": null,
            "description": "*** SR1 Gi0 - RR1 Gi1 ***",
            "device": null,
            "encapsulation_dot1q_vlan_id": null,
            "flow_ipv4_egress_monitor_samplers": null,
            "flow_ipv4_egress_monitors": null,
            "flow_ipv4_ingress_monitor_samplers": null,
            "flow_ipv4_ingress_monitors": null,
            "flow_ipv6_egress_monitor_samplers": null,
            "flow_ipv6_egress_monitors": null,
            "flow_ipv6_ingress_monitor_samplers": null,
            "flow_ipv6_ingress_monitors": null,
            "id": "Cisco-IOS-XR-um-interface-cfg:/interfaces/interface[interface-name=GigabitEthernet0/0/0/0]",
            "interface_name": "GigabitEthernet0/0/0/0",
            "ipv4_access_group_egress_acl": null,
            "ipv4_access_group_egress_compress_level": null,
            "ipv4_access_group_egress_hardware_count": null,
            "ipv4_access_group_egress_interface_statistics": null,
            "ipv4_access_group_ingress_acl1": null,
            "ipv4_access_group_ingress_compress_level": null,
            "ipv4_access_group_ingress_hardware_count": null,
            "ipv4_access_group_ingress_interface_statistics": null,
            "ipv4_address": "10.1.5.0",
            "ipv4_netmask": "255.255.255.254",
            "ipv4_point_to_point": null,
            "ipv4_verify_unicast_source_reachable_via_allow_default": null,
            "ipv4_verify_unicast_source_reachable_via_allow_self_ping": null,
            "ipv4_verify_unicast_source_reachable_via_type": null,
            "ipv6_access_group_egress_acl1": null,
            "ipv6_access_group_egress_compress_level": null,
            "ipv6_access_group_egress_interface_statistics": null,
            "ipv6_access_group_ingress_acl1": null,
            "ipv6_access_group_ingress_compress_level": null,
            "ipv6_access_group_ingress_interface_statistics": null,
            "ipv6_addresses": null,
            "ipv6_autoconfig": null,
            "ipv6_enable": null,
            "ipv6_link_local_address": null,
            "ipv6_link_local_zone": null,
            "ipv6_verify_unicast_source_reachable_via_allow_default": null,
            "ipv6_verify_unicast_source_reachable_via_allow_self_ping": null,
            "ipv6_verify_unicast_source_reachable_via_type": null,
            "l2transport": null,
            "l2transport_encapsulation_dot1q_second_dot1q": null,
            "l2transport_encapsulation_dot1q_vlan_id": null,
            "load_interval": null,
            "mtu": null,
            "multipoint": null,
            "point_to_point": null,
            "rewrite_ingress_tag_pop_one": null,
            "rewrite_ingress_tag_pop_two": null,
            "service_policy_input": null,
            "service_policy_output": null,
            "shutdown": false,
            "unnumbered": null,
            "vrf": null
          },
          "sensitive_attributes": []
        }
      ]
    },
    {
      "mode": "managed",
      "type": "iosxr_interface",
      "name": "INT-SR1-Gi1",
      "provider": "provider[\"registry.terraform.io/ciscodevnet/iosxr\"].SR-R1",
      "instances": [
        {
          "schema_version": 0,
          "attributes": {
            "bandwidth": null,
            "bfd_mode_ietf": null,
            "bundle_id": null,
            "bundle_id_mode": null,
            "bundle_load_balancing_hash_dst_ip": null,
            "bundle_load_balancing_hash_src_ip": null,
            "bundle_maximum_active_links": null,
            "bundle_minimum_active_links": null,
            "bundle_port_priority": null,
            "bundle_shutdown": null,
            "cdp": null,
            "dampening_decay_half_life_value": null,
            "delete_mode": null,
            "description": "*** SR1 Gi1 - SR2 Gi1 ***",
            "device": null,
            "encapsulation_dot1q_vlan_id": null,
            "flow_ipv4_egress_monitor_samplers": null,
            "flow_ipv4_egress_monitors": null,
            "flow_ipv4_ingress_monitor_samplers": null,
            "flow_ipv4_ingress_monitors": null,
            "flow_ipv6_egress_monitor_samplers": null,
            "flow_ipv6_egress_monitors": null,
            "flow_ipv6_ingress_monitor_samplers": null,
            "flow_ipv6_ingress_monitors": null,
            "id": "Cisco-IOS-XR-um-interface-cfg:/interfaces/interface[interface-name=GigabitEthernet0/0/0/1]",
            "interface_name": "GigabitEthernet0/0/0/1",
            "ipv4_access_group_egress_acl": null,
            "ipv4_access_group_egress_compress_level": null,
            "ipv4_access_group_egress_hardware_count": null,
            "ipv4_access_group_egress_interface_statistics": null,
            "ipv4_access_group_ingress_acl1": null,
            "ipv4_access_group_ingress_compress_level": null,
            "ipv4_access_group_ingress_hardware_count": null,
            "ipv4_access_group_ingress_interface_statistics": null,
            "ipv4_address": "10.1.2.1",
            "ipv4_netmask": "255.255.255.0",
            "ipv4_point_to_point": null,
            "ipv4_verify_unicast_source_reachable_via_allow_default": null,
            "ipv4_verify_unicast_source_reachable_via_allow_self_ping": null,
            "ipv4_verify_unicast_source_reachable_via_type": null,
            "ipv6_access_group_egress_acl1": null,
            "ipv6_access_group_egress_compress_level": null,
            "ipv6_access_group_egress_interface_statistics": null,
            "ipv6_access_group_ingress_acl1": null,
            "ipv6_access_group_ingress_compress_level": null,
            "ipv6_access_group_ingress_interface_statistics": null,
            "ipv6_addresses": null,
            "ipv6_autoconfig": null,
            "ipv6_enable": null,
            "ipv6_link_local_address": null,
            "ipv6_link_local_zone": null,
            "ipv6_verify_unicast_source_reachable_via_allow_default": null,
            "ipv6_verify_unicast_source_reachable_via_allow_self_ping": null,
            "ipv6_verify_unicast_source_reachable_via_type": null,
            "l2transport": null,
            "l2transport_encapsulation_dot1q_second_dot1q": null,
            "l2transport_encapsulation_dot1q_vlan_id": null,
            "load_interval": null,
            "mtu": null,
            "multipoint": null,
            "point_to_point": null,
            "rewrite_ingress_tag_pop_one": null,
            "rewrite_ingress_tag_pop_two": null,
            "service_policy_input": null,
            "service_policy_output": null,
            "shutdown": false,
            "unnumbered": null,
            "vrf": null
          },
          "sensitive_attributes": []
        }
      ]
    },
    {
      "mode": "managed",
      "type": "iosxr_interface",
      "name": "INT-SR1-Gi2",
      "provider": "provider[\"registry.terraform.io/ciscodevnet/iosxr\"].SR-R1",
      "instances": [
        {
          "schema_version": 0,
          "attributes": {
            "bandwidth": null,
            "bfd_mode_ietf": null,
            "bundle_id": null,
            "bundle_id_mode": null,
            "bundle_load_balancing_hash_dst_ip": null,
            "bundle_load_balancing_hash_src_ip": null,
            "bundle_maximum_active_links": null,
            "bundle_minimum_active_links": null,
            "bundle_port_priority": null,
            "bundle_shutdown": null,
            "cdp": null,
            "dampening_decay_half_life_value": null,
            "delete_mode": null,
            "description": "*** SR1 Gi2 - SR3 Gi2 ***",
            "device": null,
            "encapsulation_dot1q_vlan_id": null,
            "flow_ipv4_egress_monitor_samplers": null,
            "flow_ipv4_egress_monitors": null,
            "flow_ipv4_ingress_monitor_samplers": null,
            "flow_ipv4_ingress_monitors": null,
            "flow_ipv6_egress_monitor_samplers": null,
            "flow_ipv6_egress_monitors": null,
            "flow_ipv6_ingress_monitor_samplers": null,
            "flow_ipv6_ingress_monitors": null,
            "id": "Cisco-IOS-XR-um-interface-cfg:/interfaces/interface[interface-name=GigabitEthernet0/0/0/2]",
            "interface_name": "GigabitEthernet0/0/0/2",
            "ipv4_access_group_egress_acl": null,
            "ipv4_access_group_egress_compress_level": null,
            "ipv4_access_group_egress_hardware_count": null,
            "ipv4_access_group_egress_interface_statistics": null,
            "ipv4_access_group_ingress_acl1": null,
            "ipv4_access_group_ingress_compress_level": null,
            "ipv4_access_group_ingress_hardware_count": null,
            "ipv4_access_group_ingress_interface_statistics": null,
            "ipv4_address": "10.1.3.1",
            "ipv4_netmask": "255.255.255.0",
            "ipv4_point_to_point": null,
            "ipv4_verify_unicast_source_reachable_via_allow_default": null,
            "ipv4_verify_unicast_source_reachable_via_allow_self_ping": null,
            "ipv4_verify_unicast_source_reachable_via_type": null,
            "ipv6_access_group_egress_acl1": null,
            "ipv6_access_group_egress_compress_level": null,
            "ipv6_access_group_egress_interface_statistics": null,
            "ipv6_access_group_ingress_acl1": null,
            "ipv6_access_group_ingress_compress_level": null,
            "ipv6_access_group_ingress_interface_statistics": null,
            "ipv6_addresses": null,
            "ipv6_autoconfig": null,
            "ipv6_enable": null,
            "ipv6_link_local_address": null,
            "ipv6_link_local_zone": null,
            "ipv6_verify_unicast_source_reachable_via_allow_default": null,
            "ipv6_verify_unicast_source_reachable_via_allow_self_ping": null,
            "ipv6_verify_unicast_source_reachable_via_type": null,
            "l2transport": null,
            "l2transport_encapsulation_dot1q_second_dot1q": null,
            "l2transport_encapsulation_dot1q_vlan_id": null,
            "load_interval": null,
            "mtu": null,
            "multipoint": null,
            "point_to_point": null,
            "rewrite_ingress_tag_pop_one": null,
            "rewrite_ingress_tag_pop_two": null,
            "service_policy_input": null,
            "service_policy_output": null,
            "shutdown": false,
            "unnumbered": null,
            "vrf": null
          },
          "sensitive_attributes": []
        }
      ]
    },
    {
      "mode": "managed",
      "type": "iosxr_interface",
      "name": "INT-SR1-Lo0",
      "provider": "provider[\"registry.terraform.io/ciscodevnet/iosxr\"].SR-R1",
      "instances": [
        {
          "schema_version": 0,
          "attributes": {
            "bandwidth": null,
            "bfd_mode_ietf": null,
            "bundle_id": null,
            "bundle_id_mode": null,
            "bundle_load_balancing_hash_dst_ip": null,
            "bundle_load_balancing_hash_src_ip": null,
            "bundle_maximum_active_links": null,
            "bundle_minimum_active_links": null,
            "bundle_port_priority": null,
            "bundle_shutdown": null,
            "cdp": null,
            "dampening_decay_half_life_value": null,
            "delete_mode": null,
            "description": "*** Lo0 - SR1 Loopback ***",
            "device": null,
            "encapsulation_dot1q_vlan_id": null,
            "flow_ipv4_egress_monitor_samplers": null,
            "flow_ipv4_egress_monitors": null,
            "flow_ipv4_ingress_monitor_samplers": null,
            "flow_ipv4_ingress_monitors": null,
            "flow_ipv6_egress_monitor_samplers": null,
            "flow_ipv6_egress_monitors": null,
            "flow_ipv6_ingress_monitor_samplers": null,
            "flow_ipv6_ingress_monitors": null,
            "id": "Cisco-IOS-XR-um-interface-cfg:/interfaces/interface[interface-name=Loopback0]",
            "interface_name": "Loopback0",
            "ipv4_access_group_egress_acl": null,
            "ipv4_access_group_egress_compress_level": null,
            "ipv4_access_group_egress_hardware_count": null,
            "ipv4_access_group_egress_interface_statistics": null,
            "ipv4_access_group_ingress_acl1": null,
            "ipv4_access_group_ingress_compress_level": null,
            "ipv4_access_group_ingress_hardware_count": null,
            "ipv4_access_group_ingress_interface_statistics": null,
            "ipv4_address": "1.1.1.1",
            "ipv4_netmask": "255.255.255.255",
            "ipv4_point_to_point": null,
            "ipv4_verify_unicast_source_reachable_via_allow_default": null,
            "ipv4_verify_unicast_source_reachable_via_allow_self_ping": null,
            "ipv4_verify_unicast_source_reachable_via_type": null,
            "ipv6_access_group_egress_acl1": null,
            "ipv6_access_group_egress_compress_level": null,
            "ipv6_access_group_egress_interface_statistics": null,
            "ipv6_access_group_ingress_acl1": null,
            "ipv6_access_group_ingress_compress_level": null,
            "ipv6_access_group_ingress_interface_statistics": null,
            "ipv6_addresses": null,
            "ipv6_autoconfig": null,
            "ipv6_enable": null,
            "ipv6_link_local_address": null,
            "ipv6_link_local_zone": null,
            "ipv6_verify_unicast_source_reachable_via_allow_default": null,
            "ipv6_verify_unicast_source_reachable_via_allow_self_ping": null,
            "ipv6_verify_unicast_source_reachable_via_type": null,
            "l2transport": null,
            "l2transport_encapsulation_dot1q_second_dot1q": null,
            "l2transport_encapsulation_dot1q_vlan_id": null,
            "load_interval": null,
            "mtu": null,
            "multipoint": null,
            "point_to_point": null,
            "rewrite_ingress_tag_pop_one": null,
            "rewrite_ingress_tag_pop_two": null,
            "service_policy_input": null,
            "service_policy_output": null,
            "shutdown": false,
            "unnumbered": null,
            "vrf": null
          },
          "sensitive_attributes": []
        }
      ]
    },
    {
      "mode": "managed",
      "type": "iosxr_interface",
      "name": "INT-SR2-Gi0",
      "provider": "provider[\"registry.terraform.io/ciscodevnet/iosxr\"].SR-R2",
      "instances": [
        {
          "schema_version": 0,
          "attributes": {
            "bandwidth": null,
            "bfd_mode_ietf": null,
            "bundle_id": null,
            "bundle_id_mode": null,
            "bundle_load_balancing_hash_dst_ip": null,
            "bundle_load_balancing_hash_src_ip": null,
            "bundle_maximum_active_links": null,
            "bundle_minimum_active_links": null,
            "bundle_port_priority": null,
            "bundle_shutdown": null,
            "cdp": null,
            "dampening_decay_half_life_value": null,
            "delete_mode": null,
            "description": "*** SR2 Gi0 - RR1 Gi2 ***",
            "device": null,
            "encapsulation_dot1q_vlan_id": null,
            "flow_ipv4_egress_monitor_samplers": null,
            "flow_ipv4_egress_monitors": null,
            "flow_ipv4_ingress_monitor_samplers": null,
            "flow_ipv4_ingress_monitors": null,
            "flow_ipv6_egress_monitor_samplers": null,
            "flow_ipv6_egress_monitors": null,
            "flow_ipv6_ingress_monitor_samplers": null,
            "flow_ipv6_ingress_monitors": null,
            "id": "Cisco-IOS-XR-um-interface-cfg:/interfaces/interface[interface-name=GigabitEthernet0/0/0/0]",
            "interface_name": "GigabitEthernet0/0/0/0",
            "ipv4_access_group_egress_acl": null,
            "ipv4_access_group_egress_compress_level": null,
            "ipv4_access_group_egress_hardware_count": null,
            "ipv4_access_group_egress_interface_statistics": null,
            "ipv4_access_group_ingress_acl1": null,
            "ipv4_access_group_ingress_compress_level": null,
            "ipv4_access_group_ingress_hardware_count": null,
            "ipv4_access_group_ingress_interface_statistics": null,
            "ipv4_address": "10.2.5.0",
            "ipv4_netmask": "255.255.255.254",
            "ipv4_point_to_point": null,
            "ipv4_verify_unicast_source_reachable_via_allow_default": null,
            "ipv4_verify_unicast_source_reachable_via_allow_self_ping": null,
            "ipv4_verify_unicast_source_reachable_via_type": null,
            "ipv6_access_group_egress_acl1": null,
            "ipv6_access_group_egress_compress_level": null,
            "ipv6_access_group_egress_interface_statistics": null,
            "ipv6_access_group_ingress_acl1": null,
            "ipv6_access_group_ingress_compress_level": null,
            "ipv6_access_group_ingress_interface_statistics": null,
            "ipv6_addresses": null,
            "ipv6_autoconfig": null,
            "ipv6_enable": null,
            "ipv6_link_local_address": null,
            "ipv6_link_local_zone": null,
            "ipv6_verify_unicast_source_reachable_via_allow_default": null,
            "ipv6_verify_unicast_source_reachable_via_allow_self_ping": null,
            "ipv6_verify_unicast_source_reachable_via_type": null,
            "l2transport": null,
            "l2transport_encapsulation_dot1q_second_dot1q": null,
            "l2transport_encapsulation_dot1q_vlan_id": null,
            "load_interval": null,
            "mtu": null,
            "multipoint": null,
            "point_to_point": null,
            "rewrite_ingress_tag_pop_one": null,
            "rewrite_ingress_tag_pop_two": null,
            "service_policy_input": null,
            "service_policy_output": null,
            "shutdown": false,
            "unnumbered": null,
            "vrf": null
          },
          "sensitive_attributes": []
        }
      ]
    },
    {
      "mode": "managed",
      "type": "iosxr_interface",
      "name": "INT-SR2-Gi1",
      "provider": "provider[\"registry.terraform.io/ciscodevnet/iosxr\"].SR-R2",
      "instances": [
        {
          "schema_version": 0,
          "attributes": {
            "bandwidth": null,
            "bfd_mode_ietf": null,
            "bundle_id": null,
            "bundle_id_mode": null,
            "bundle_load_balancing_hash_dst_ip": null,
            "bundle_load_balancing_hash_src_ip": null,
            "bundle_maximum_active_links": null,
            "bundle_minimum_active_links": null,
            "bundle_port_priority": null,
            "bundle_shutdown": null,
            "cdp": null,
            "dampening_decay_half_life_value": null,
            "delete_mode": null,
            "description": "*** SR2 Gi1 - SR1 Gi1 ***",
            "device": null,
            "encapsulation_dot1q_vlan_id": null,
            "flow_ipv4_egress_monitor_samplers": null,
            "flow_ipv4_egress_monitors": null,
            "flow_ipv4_ingress_monitor_samplers": null,
            "flow_ipv4_ingress_monitors": null,
            "flow_ipv6_egress_monitor_samplers": null,
            "flow_ipv6_egress_monitors": null,
            "flow_ipv6_ingress_monitor_samplers": null,
            "flow_ipv6_ingress_monitors": null,
            "id": "Cisco-IOS-XR-um-interface-cfg:/interfaces/interface[interface-name=GigabitEthernet0/0/0/1]",
            "interface_name": "GigabitEthernet0/0/0/1",
            "ipv4_access_group_egress_acl": null,
            "ipv4_access_group_egress_compress_level": null,
            "ipv4_access_group_egress_hardware_count": null,
            "ipv4_access_group_egress_interface_statistics": null,
            "ipv4_access_group_ingress_acl1": null,
            "ipv4_access_group_ingress_compress_level": null,
            "ipv4_access_group_ingress_hardware_count": null,
            "ipv4_access_group_ingress_interface_statistics": null,
            "ipv4_address": "10.1.2.2",
            "ipv4_netmask": "255.255.255.0",
            "ipv4_point_to_point": null,
            "ipv4_verify_unicast_source_reachable_via_allow_default": null,
            "ipv4_verify_unicast_source_reachable_via_allow_self_ping": null,
            "ipv4_verify_unicast_source_reachable_via_type": null,
            "ipv6_access_group_egress_acl1": null,
            "ipv6_access_group_egress_compress_level": null,
            "ipv6_access_group_egress_interface_statistics": null,
            "ipv6_access_group_ingress_acl1": null,
            "ipv6_access_group_ingress_compress_level": null,
            "ipv6_access_group_ingress_interface_statistics": null,
            "ipv6_addresses": null,
            "ipv6_autoconfig": null,
            "ipv6_enable": null,
            "ipv6_link_local_address": null,
            "ipv6_link_local_zone": null,
            "ipv6_verify_unicast_source_reachable_via_allow_default": null,
            "ipv6_verify_unicast_source_reachable_via_allow_self_ping": null,
            "ipv6_verify_unicast_source_reachable_via_type": null,
            "l2transport": null,
            "l2transport_encapsulation_dot1q_second_dot1q": null,
            "l2transport_encapsulation_dot1q_vlan_id": null,
            "load_interval": null,
            "mtu": null,
            "multipoint": null,
            "point_to_point": null,
            "rewrite_ingress_tag_pop_one": null,
            "rewrite_ingress_tag_pop_two": null,
            "service_policy_input": null,
            "service_policy_output": null,
            "shutdown": false,
            "unnumbered": null,
            "vrf": null
          },
          "sensitive_attributes": []
        }
      ]
    },
    {
      "mode": "managed",
      "type": "iosxr_interface",
      "name": "INT-SR2-Gi2",
      "provider": "provider[\"registry.terraform.io/ciscodevnet/iosxr\"].SR-R2",
      "instances": [
        {
          "schema_version": 0,
          "attributes": {
            "bandwidth": null,
            "bfd_mode_ietf": null,
            "bundle_id": null,
            "bundle_id_mode": null,
            "bundle_load_balancing_hash_dst_ip": null,
            "bundle_load_balancing_hash_src_ip": null,
            "bundle_maximum_active_links": null,
            "bundle_minimum_active_links": null,
            "bundle_port_priority": null,
            "bundle_shutdown": null,
            "cdp": null,
            "dampening_decay_half_life_value": null,
            "delete_mode": null,
            "description": "*** SR2 Gi2 - SR4 Gi2 ***",
            "device": null,
            "encapsulation_dot1q_vlan_id": null,
            "flow_ipv4_egress_monitor_samplers": null,
            "flow_ipv4_egress_monitors": null,
            "flow_ipv4_ingress_monitor_samplers": null,
            "flow_ipv4_ingress_monitors": null,
            "flow_ipv6_egress_monitor_samplers": null,
            "flow_ipv6_egress_monitors": null,
            "flow_ipv6_ingress_monitor_samplers": null,
            "flow_ipv6_ingress_monitors": null,
            "id": "Cisco-IOS-XR-um-interface-cfg:/interfaces/interface[interface-name=GigabitEthernet0/0/0/2]",
            "interface_name": "GigabitEthernet0/0/0/2",
            "ipv4_access_group_egress_acl": null,
            "ipv4_access_group_egress_compress_level": null,
            "ipv4_access_group_egress_hardware_count": null,
            "ipv4_access_group_egress_interface_statistics": null,
            "ipv4_access_group_ingress_acl1": null,
            "ipv4_access_group_ingress_compress_level": null,
            "ipv4_access_group_ingress_hardware_count": null,
            "ipv4_access_group_ingress_interface_statistics": null,
            "ipv4_address": "10.2.4.1",
            "ipv4_netmask": "255.255.255.0",
            "ipv4_point_to_point": null,
            "ipv4_verify_unicast_source_reachable_via_allow_default": null,
            "ipv4_verify_unicast_source_reachable_via_allow_self_ping": null,
            "ipv4_verify_unicast_source_reachable_via_type": null,
            "ipv6_access_group_egress_acl1": null,
            "ipv6_access_group_egress_compress_level": null,
            "ipv6_access_group_egress_interface_statistics": null,
            "ipv6_access_group_ingress_acl1": null,
            "ipv6_access_group_ingress_compress_level": null,
            "ipv6_access_group_ingress_interface_statistics": null,
            "ipv6_addresses": null,
            "ipv6_autoconfig": null,
            "ipv6_enable": null,
            "ipv6_link_local_address": null,
            "ipv6_link_local_zone": null,
            "ipv6_verify_unicast_source_reachable_via_allow_default": null,
            "ipv6_verify_unicast_source_reachable_via_allow_self_ping": null,
            "ipv6_verify_unicast_source_reachable_via_type": null,
            "l2transport": null,
            "l2transport_encapsulation_dot1q_second_dot1q": null,
            "l2transport_encapsulation_dot1q_vlan_id": null,
            "load_interval": null,
            "mtu": null,
            "multipoint": null,
            "point_to_point": null,
            "rewrite_ingress_tag_pop_one": null,
            "rewrite_ingress_tag_pop_two": null,
            "service_policy_input": null,
            "service_policy_output": null,
            "shutdown": false,
            "unnumbered": null,
            "vrf": null
          },
          "sensitive_attributes": []
        }
      ]
    },
    {
      "mode": "managed",
      "type": "iosxr_interface",
      "name": "INT-SR2-Lo0",
      "provider": "provider[\"registry.terraform.io/ciscodevnet/iosxr\"].SR-R2",
      "instances": [
        {
          "schema_version": 0,
          "attributes": {
            "bandwidth": null,
            "bfd_mode_ietf": null,
            "bundle_id": null,
            "bundle_id_mode": null,
            "bundle_load_balancing_hash_dst_ip": null,
            "bundle_load_balancing_hash_src_ip": null,
            "bundle_maximum_active_links": null,
            "bundle_minimum_active_links": null,
            "bundle_port_priority": null,
            "bundle_shutdown": null,
            "cdp": null,
            "dampening_decay_half_life_value": null,
            "delete_mode": null,
            "description": "*** Lo0 - SR2 Loopback ***",
            "device": null,
            "encapsulation_dot1q_vlan_id": null,
            "flow_ipv4_egress_monitor_samplers": null,
            "flow_ipv4_egress_monitors": null,
            "flow_ipv4_ingress_monitor_samplers": null,
            "flow_ipv4_ingress_monitors": null,
            "flow_ipv6_egress_monitor_samplers": null,
            "flow_ipv6_egress_monitors": null,
            "flow_ipv6_ingress_monitor_samplers": null,
            "flow_ipv6_ingress_monitors": null,
            "id": "Cisco-IOS-XR-um-interface-cfg:/interfaces/interface[interface-name=Loopback0]",
            "interface_name": "Loopback0",
            "ipv4_access_group_egress_acl": null,
            "ipv4_access_group_egress_compress_level": null,
            "ipv4_access_group_egress_hardware_count": null,
            "ipv4_access_group_egress_interface_statistics": null,
            "ipv4_access_group_ingress_acl1": null,
            "ipv4_access_group_ingress_compress_level": null,
            "ipv4_access_group_ingress_hardware_count": null,
            "ipv4_access_group_ingress_interface_statistics": null,
            "ipv4_address": "2.2.2.1",
            "ipv4_netmask": "255.255.255.255",
            "ipv4_point_to_point": null,
            "ipv4_verify_unicast_source_reachable_via_allow_default": null,
            "ipv4_verify_unicast_source_reachable_via_allow_self_ping": null,
            "ipv4_verify_unicast_source_reachable_via_type": null,
            "ipv6_access_group_egress_acl1": null,
            "ipv6_access_group_egress_compress_level": null,
            "ipv6_access_group_egress_interface_statistics": null,
            "ipv6_access_group_ingress_acl1": null,
            "ipv6_access_group_ingress_compress_level": null,
            "ipv6_access_group_ingress_interface_statistics": null,
            "ipv6_addresses": null,
            "ipv6_autoconfig": null,
            "ipv6_enable": null,
            "ipv6_link_local_address": null,
            "ipv6_link_local_zone": null,
            "ipv6_verify_unicast_source_reachable_via_allow_default": null,
            "ipv6_verify_unicast_source_reachable_via_allow_self_ping": null,
            "ipv6_verify_unicast_source_reachable_via_type": null,
            "l2transport": null,
            "l2transport_encapsulation_dot1q_second_dot1q": null,
            "l2transport_encapsulation_dot1q_vlan_id": null,
            "load_interval": null,
            "mtu": null,
            "multipoint": null,
            "point_to_point": null,
            "rewrite_ingress_tag_pop_one": null,
            "rewrite_ingress_tag_pop_two": null,
            "service_policy_input": null,
            "service_policy_output": null,
            "shutdown": false,
            "unnumbered": null,
            "vrf": null
          },
          "sensitive_attributes": []
        }
      ]
    },
    {
      "mode": "managed",
      "type": "iosxr_interface",
      "name": "INT-SR3-Gi1",
      "provider": "provider[\"registry.terraform.io/ciscodevnet/iosxr\"].SR-R3",
      "instances": [
        {
          "schema_version": 0,
          "attributes": {
            "bandwidth": null,
            "bfd_mode_ietf": null,
            "bundle_id": null,
            "bundle_id_mode": null,
            "bundle_load_balancing_hash_dst_ip": null,
            "bundle_load_balancing_hash_src_ip": null,
            "bundle_maximum_active_links": null,
            "bundle_minimum_active_links": null,
            "bundle_port_priority": null,
            "bundle_shutdown": null,
            "cdp": null,
            "dampening_decay_half_life_value": null,
            "delete_mode": null,
            "description": "*** SR3 Gi1 - SR4 Gi1 ***",
            "device": null,
            "encapsulation_dot1q_vlan_id": null,
            "flow_ipv4_egress_monitor_samplers": null,
            "flow_ipv4_egress_monitors": null,
            "flow_ipv4_ingress_monitor_samplers": null,
            "flow_ipv4_ingress_monitors": null,
            "flow_ipv6_egress_monitor_samplers": null,
            "flow_ipv6_egress_monitors": null,
            "flow_ipv6_ingress_monitor_samplers": null,
            "flow_ipv6_ingress_monitors": null,
            "id": "Cisco-IOS-XR-um-interface-cfg:/interfaces/interface[interface-name=GigabitEthernet0/0/0/1]",
            "interface_name": "GigabitEthernet0/0/0/1",
            "ipv4_access_group_egress_acl": null,
            "ipv4_access_group_egress_compress_level": null,
            "ipv4_access_group_egress_hardware_count": null,
            "ipv4_access_group_egress_interface_statistics": null,
            "ipv4_access_group_ingress_acl1": null,
            "ipv4_access_group_ingress_compress_level": null,
            "ipv4_access_group_ingress_hardware_count": null,
            "ipv4_access_group_ingress_interface_statistics": null,
            "ipv4_address": "10.3.4.1",
            "ipv4_netmask": "255.255.255.0",
            "ipv4_point_to_point": null,
            "ipv4_verify_unicast_source_reachable_via_allow_default": null,
            "ipv4_verify_unicast_source_reachable_via_allow_self_ping": null,
            "ipv4_verify_unicast_source_reachable_via_type": null,
            "ipv6_access_group_egress_acl1": null,
            "ipv6_access_group_egress_compress_level": null,
            "ipv6_access_group_egress_interface_statistics": null,
            "ipv6_access_group_ingress_acl1": null,
            "ipv6_access_group_ingress_compress_level": null,
            "ipv6_access_group_ingress_interface_statistics": null,
            "ipv6_addresses": null,
            "ipv6_autoconfig": null,
            "ipv6_enable": null,
            "ipv6_link_local_address": null,
            "ipv6_link_local_zone": null,
            "ipv6_verify_unicast_source_reachable_via_allow_default": null,
            "ipv6_verify_unicast_source_reachable_via_allow_self_ping": null,
            "ipv6_verify_unicast_source_reachable_via_type": null,
            "l2transport": null,
            "l2transport_encapsulation_dot1q_second_dot1q": null,
            "l2transport_encapsulation_dot1q_vlan_id": null,
            "load_interval": null,
            "mtu": null,
            "multipoint": null,
            "point_to_point": null,
            "rewrite_ingress_tag_pop_one": null,
            "rewrite_ingress_tag_pop_two": null,
            "service_policy_input": null,
            "service_policy_output": null,
            "shutdown": false,
            "unnumbered": null,
            "vrf": null
          },
          "sensitive_attributes": []
        }
      ]
    },
    {
      "mode": "managed",
      "type": "iosxr_interface",
      "name": "INT-SR3-Gi2",
      "provider": "provider[\"registry.terraform.io/ciscodevnet/iosxr\"].SR-R3",
      "instances": [
        {
          "schema_version": 0,
          "attributes": {
            "bandwidth": null,
            "bfd_mode_ietf": null,
            "bundle_id": null,
            "bundle_id_mode": null,
            "bundle_load_balancing_hash_dst_ip": null,
            "bundle_load_balancing_hash_src_ip": null,
            "bundle_maximum_active_links": null,
            "bundle_minimum_active_links": null,
            "bundle_port_priority": null,
            "bundle_shutdown": null,
            "cdp": null,
            "dampening_decay_half_life_value": null,
            "delete_mode": null,
            "description": "*** SR3 Gi2 - SR1 Gi2 ***",
            "device": null,
            "encapsulation_dot1q_vlan_id": null,
            "flow_ipv4_egress_monitor_samplers": null,
            "flow_ipv4_egress_monitors": null,
            "flow_ipv4_ingress_monitor_samplers": null,
            "flow_ipv4_ingress_monitors": null,
            "flow_ipv6_egress_monitor_samplers": null,
            "flow_ipv6_egress_monitors": null,
            "flow_ipv6_ingress_monitor_samplers": null,
            "flow_ipv6_ingress_monitors": null,
            "id": "Cisco-IOS-XR-um-interface-cfg:/interfaces/interface[interface-name=GigabitEthernet0/0/0/2]",
            "interface_name": "GigabitEthernet0/0/0/2",
            "ipv4_access_group_egress_acl": null,
            "ipv4_access_group_egress_compress_level": null,
            "ipv4_access_group_egress_hardware_count": null,
            "ipv4_access_group_egress_interface_statistics": null,
            "ipv4_access_group_ingress_acl1": null,
            "ipv4_access_group_ingress_compress_level": null,
            "ipv4_access_group_ingress_hardware_count": null,
            "ipv4_access_group_ingress_interface_statistics": null,
            "ipv4_address": "10.1.3.2",
            "ipv4_netmask": "255.255.255.0",
            "ipv4_point_to_point": null,
            "ipv4_verify_unicast_source_reachable_via_allow_default": null,
            "ipv4_verify_unicast_source_reachable_via_allow_self_ping": null,
            "ipv4_verify_unicast_source_reachable_via_type": null,
            "ipv6_access_group_egress_acl1": null,
            "ipv6_access_group_egress_compress_level": null,
            "ipv6_access_group_egress_interface_statistics": null,
            "ipv6_access_group_ingress_acl1": null,
            "ipv6_access_group_ingress_compress_level": null,
            "ipv6_access_group_ingress_interface_statistics": null,
            "ipv6_addresses": null,
            "ipv6_autoconfig": null,
            "ipv6_enable": null,
            "ipv6_link_local_address": null,
            "ipv6_link_local_zone": null,
            "ipv6_verify_unicast_source_reachable_via_allow_default": null,
            "ipv6_verify_unicast_source_reachable_via_allow_self_ping": null,
            "ipv6_verify_unicast_source_reachable_via_type": null,
            "l2transport": null,
            "l2transport_encapsulation_dot1q_second_dot1q": null,
            "l2transport_encapsulation_dot1q_vlan_id": null,
            "load_interval": null,
            "mtu": null,
            "multipoint": null,
            "point_to_point": null,
            "rewrite_ingress_tag_pop_one": null,
            "rewrite_ingress_tag_pop_two": null,
            "service_policy_input": null,
            "service_policy_output": null,
            "shutdown": false,
            "unnumbered": null,
            "vrf": null
          },
          "sensitive_attributes": []
        }
      ]
    },
    {
      "mode": "managed",
      "type": "iosxr_interface",
      "name": "INT-SR3-Lo0",
      "provider": "provider[\"registry.terraform.io/ciscodevnet/iosxr\"].SR-R3",
      "instances": [
        {
          "schema_version": 0,
          "attributes": {
            "bandwidth": null,
            "bfd_mode_ietf": null,
            "bundle_id": null,
            "bundle_id_mode": null,
            "bundle_load_balancing_hash_dst_ip": null,
            "bundle_load_balancing_hash_src_ip": null,
            "bundle_maximum_active_links": null,
            "bundle_minimum_active_links": null,
            "bundle_port_priority": null,
            "bundle_shutdown": null,
            "cdp": null,
            "dampening_decay_half_life_value": null,
            "delete_mode": null,
            "description": "*** Lo0 - SR3 Loopback ***",
            "device": null,
            "encapsulation_dot1q_vlan_id": null,
            "flow_ipv4_egress_monitor_samplers": null,
            "flow_ipv4_egress_monitors": null,
            "flow_ipv4_ingress_monitor_samplers": null,
            "flow_ipv4_ingress_monitors": null,
            "flow_ipv6_egress_monitor_samplers": null,
            "flow_ipv6_egress_monitors": null,
            "flow_ipv6_ingress_monitor_samplers": null,
            "flow_ipv6_ingress_monitors": null,
            "id": "Cisco-IOS-XR-um-interface-cfg:/interfaces/interface[interface-name=Loopback0]",
            "interface_name": "Loopback0",
            "ipv4_access_group_egress_acl": null,
            "ipv4_access_group_egress_compress_level": null,
            "ipv4_access_group_egress_hardware_count": null,
            "ipv4_access_group_egress_interface_statistics": null,
            "ipv4_access_group_ingress_acl1": null,
            "ipv4_access_group_ingress_compress_level": null,
            "ipv4_access_group_ingress_hardware_count": null,
            "ipv4_access_group_ingress_interface_statistics": null,
            "ipv4_address": "3.3.3.1",
            "ipv4_netmask": "255.255.255.255",
            "ipv4_point_to_point": null,
            "ipv4_verify_unicast_source_reachable_via_allow_default": null,
            "ipv4_verify_unicast_source_reachable_via_allow_self_ping": null,
            "ipv4_verify_unicast_source_reachable_via_type": null,
            "ipv6_access_group_egress_acl1": null,
            "ipv6_access_group_egress_compress_level": null,
            "ipv6_access_group_egress_interface_statistics": null,
            "ipv6_access_group_ingress_acl1": null,
            "ipv6_access_group_ingress_compress_level": null,
            "ipv6_access_group_ingress_interface_statistics": null,
            "ipv6_addresses": null,
            "ipv6_autoconfig": null,
            "ipv6_enable": null,
            "ipv6_link_local_address": null,
            "ipv6_link_local_zone": null,
            "ipv6_verify_unicast_source_reachable_via_allow_default": null,
            "ipv6_verify_unicast_source_reachable_via_allow_self_ping": null,
            "ipv6_verify_unicast_source_reachable_via_type": null,
            "l2transport": null,
            "l2transport_encapsulation_dot1q_second_dot1q": null,
            "l2transport_encapsulation_dot1q_vlan_id": null,
            "load_interval": null,
            "mtu": null,
            "multipoint": null,
            "point_to_point": null,
            "rewrite_ingress_tag_pop_one": null,
            "rewrite_ingress_tag_pop_two": null,
            "service_policy_input": null,
            "service_policy_output": null,
            "shutdown": false,
            "unnumbered": null,
            "vrf": null
          },
          "sensitive_attributes": []
        }
      ]
    },
    {
      "mode": "managed",
      "type": "iosxr_interface",
      "name": "INT-SR4-Gi1",
      "provider": "provider[\"registry.terraform.io/ciscodevnet/iosxr\"].SR-R4",
      "instances": [
        {
          "schema_version": 0,
          "attributes": {
            "bandwidth": null,
            "bfd_mode_ietf": null,
            "bundle_id": null,
            "bundle_id_mode": null,
            "bundle_load_balancing_hash_dst_ip": null,
            "bundle_load_balancing_hash_src_ip": null,
            "bundle_maximum_active_links": null,
            "bundle_minimum_active_links": null,
            "bundle_port_priority": null,
            "bundle_shutdown": null,
            "cdp": null,
            "dampening_decay_half_life_value": null,
            "delete_mode": null,
            "description": "*** SR4 Gi1 - SR3 Gi1 ***",
            "device": null,
            "encapsulation_dot1q_vlan_id": null,
            "flow_ipv4_egress_monitor_samplers": null,
            "flow_ipv4_egress_monitors": null,
            "flow_ipv4_ingress_monitor_samplers": null,
            "flow_ipv4_ingress_monitors": null,
            "flow_ipv6_egress_monitor_samplers": null,
            "flow_ipv6_egress_monitors": null,
            "flow_ipv6_ingress_monitor_samplers": null,
            "flow_ipv6_ingress_monitors": null,
            "id": "Cisco-IOS-XR-um-interface-cfg:/interfaces/interface[interface-name=GigabitEthernet0/0/0/1]",
            "interface_name": "GigabitEthernet0/0/0/1",
            "ipv4_access_group_egress_acl": null,
            "ipv4_access_group_egress_compress_level": null,
            "ipv4_access_group_egress_hardware_count": null,
            "ipv4_access_group_egress_interface_statistics": null,
            "ipv4_access_group_ingress_acl1": null,
            "ipv4_access_group_ingress_compress_level": null,
            "ipv4_access_group_ingress_hardware_count": null,
            "ipv4_access_group_ingress_interface_statistics": null,
            "ipv4_address": "10.3.4.2",
            "ipv4_netmask": "255.255.255.0",
            "ipv4_point_to_point": null,
            "ipv4_verify_unicast_source_reachable_via_allow_default": null,
            "ipv4_verify_unicast_source_reachable_via_allow_self_ping": null,
            "ipv4_verify_unicast_source_reachable_via_type": null,
            "ipv6_access_group_egress_acl1": null,
            "ipv6_access_group_egress_compress_level": null,
            "ipv6_access_group_egress_interface_statistics": null,
            "ipv6_access_group_ingress_acl1": null,
            "ipv6_access_group_ingress_compress_level": null,
            "ipv6_access_group_ingress_interface_statistics": null,
            "ipv6_addresses": null,
            "ipv6_autoconfig": null,
            "ipv6_enable": null,
            "ipv6_link_local_address": null,
            "ipv6_link_local_zone": null,
            "ipv6_verify_unicast_source_reachable_via_allow_default": null,
            "ipv6_verify_unicast_source_reachable_via_allow_self_ping": null,
            "ipv6_verify_unicast_source_reachable_via_type": null,
            "l2transport": null,
            "l2transport_encapsulation_dot1q_second_dot1q": null,
            "l2transport_encapsulation_dot1q_vlan_id": null,
            "load_interval": null,
            "mtu": null,
            "multipoint": null,
            "point_to_point": null,
            "rewrite_ingress_tag_pop_one": null,
            "rewrite_ingress_tag_pop_two": null,
            "service_policy_input": null,
            "service_policy_output": null,
            "shutdown": false,
            "unnumbered": null,
            "vrf": null
          },
          "sensitive_attributes": []
        }
      ]
    },
    {
      "mode": "managed",
      "type": "iosxr_interface",
      "name": "INT-SR4-Gi2",
      "provider": "provider[\"registry.terraform.io/ciscodevnet/iosxr\"].SR-R4",
      "instances": [
        {
          "schema_version": 0,
          "attributes": {
            "bandwidth": null,
            "bfd_mode_ietf": null,
            "bundle_id": null,
            "bundle_id_mode": null,
            "bundle_load_balancing_hash_dst_ip": null,
            "bundle_load_balancing_hash_src_ip": null,
            "bundle_maximum_active_links": null,
            "bundle_minimum_active_links": null,
            "bundle_port_priority": null,
            "bundle_shutdown": null,
            "cdp": null,
            "dampening_decay_half_life_value": null,
            "delete_mode": null,
            "description": "*** SR4 Gi2 - SR2 Gi2 ***",
            "device": null,
            "encapsulation_dot1q_vlan_id": null,
            "flow_ipv4_egress_monitor_samplers": null,
            "flow_ipv4_egress_monitors": null,
            "flow_ipv4_ingress_monitor_samplers": null,
            "flow_ipv4_ingress_monitors": null,
            "flow_ipv6_egress_monitor_samplers": null,
            "flow_ipv6_egress_monitors": null,
            "flow_ipv6_ingress_monitor_samplers": null,
            "flow_ipv6_ingress_monitors": null,
            "id": "Cisco-IOS-XR-um-interface-cfg:/interfaces/interface[interface-name=GigabitEthernet0/0/0/2]",
            "interface_name": "GigabitEthernet0/0/0/2",
            "ipv4_access_group_egress_acl": null,
            "ipv4_access_group_egress_compress_level": null,
            "ipv4_access_group_egress_hardware_count": null,
            "ipv4_access_group_egress_interface_statistics": null,
            "ipv4_access_group_ingress_acl1": null,
            "ipv4_access_group_ingress_compress_level": null,
            "ipv4_access_group_ingress_hardware_count": null,
            "ipv4_access_group_ingress_interface_statistics": null,
            "ipv4_address": "10.2.4.2",
            "ipv4_netmask": "255.255.255.0",
            "ipv4_point_to_point": null,
            "ipv4_verify_unicast_source_reachable_via_allow_default": null,
            "ipv4_verify_unicast_source_reachable_via_allow_self_ping": null,
            "ipv4_verify_unicast_source_reachable_via_type": null,
            "ipv6_access_group_egress_acl1": null,
            "ipv6_access_group_egress_compress_level": null,
            "ipv6_access_group_egress_interface_statistics": null,
            "ipv6_access_group_ingress_acl1": null,
            "ipv6_access_group_ingress_compress_level": null,
            "ipv6_access_group_ingress_interface_statistics": null,
            "ipv6_addresses": null,
            "ipv6_autoconfig": null,
            "ipv6_enable": null,
            "ipv6_link_local_address": null,
            "ipv6_link_local_zone": null,
            "ipv6_verify_unicast_source_reachable_via_allow_default": null,
            "ipv6_verify_unicast_source_reachable_via_allow_self_ping": null,
            "ipv6_verify_unicast_source_reachable_via_type": null,
            "l2transport": null,
            "l2transport_encapsulation_dot1q_second_dot1q": null,
            "l2transport_encapsulation_dot1q_vlan_id": null,
            "load_interval": null,
            "mtu": null,
            "multipoint": null,
            "point_to_point": null,
            "rewrite_ingress_tag_pop_one": null,
            "rewrite_ingress_tag_pop_two": null,
            "service_policy_input": null,
            "service_policy_output": null,
            "shutdown": false,
            "unnumbered": null,
            "vrf": null
          },
          "sensitive_attributes": []
        }
      ]
    },
    {
      "mode": "managed",
      "type": "iosxr_interface",
      "name": "INT-SR4-Lo0",
      "provider": "provider[\"registry.terraform.io/ciscodevnet/iosxr\"].SR-R4",
      "instances": [
        {
          "schema_version": 0,
          "attributes": {
            "bandwidth": null,
            "bfd_mode_ietf": null,
            "bundle_id": null,
            "bundle_id_mode": null,
            "bundle_load_balancing_hash_dst_ip": null,
            "bundle_load_balancing_hash_src_ip": null,
            "bundle_maximum_active_links": null,
            "bundle_minimum_active_links": null,
            "bundle_port_priority": null,
            "bundle_shutdown": null,
            "cdp": null,
            "dampening_decay_half_life_value": null,
            "delete_mode": null,
            "description": "*** Lo0 - SR4 Loopback ***",
            "device": null,
            "encapsulation_dot1q_vlan_id": null,
            "flow_ipv4_egress_monitor_samplers": null,
            "flow_ipv4_egress_monitors": null,
            "flow_ipv4_ingress_monitor_samplers": null,
            "flow_ipv4_ingress_monitors": null,
            "flow_ipv6_egress_monitor_samplers": null,
            "flow_ipv6_egress_monitors": null,
            "flow_ipv6_ingress_monitor_samplers": null,
            "flow_ipv6_ingress_monitors": null,
            "id": "Cisco-IOS-XR-um-interface-cfg:/interfaces/interface[interface-name=Loopback0]",
            "interface_name": "Loopback0",
            "ipv4_access_group_egress_acl": null,
            "ipv4_access_group_egress_compress_level": null,
            "ipv4_access_group_egress_hardware_count": null,
            "ipv4_access_group_egress_interface_statistics": null,
            "ipv4_access_group_ingress_acl1": null,
            "ipv4_access_group_ingress_compress_level": null,
            "ipv4_access_group_ingress_hardware_count": null,
            "ipv4_access_group_ingress_interface_statistics": null,
            "ipv4_address": "4.4.4.1",
            "ipv4_netmask": "255.255.255.255",
            "ipv4_point_to_point": null,
            "ipv4_verify_unicast_source_reachable_via_allow_default": null,
            "ipv4_verify_unicast_source_reachable_via_allow_self_ping": null,
            "ipv4_verify_unicast_source_reachable_via_type": null,
            "ipv6_access_group_egress_acl1": null,
            "ipv6_access_group_egress_compress_level": null,
            "ipv6_access_group_egress_interface_statistics": null,
            "ipv6_access_group_ingress_acl1": null,
            "ipv6_access_group_ingress_compress_level": null,
            "ipv6_access_group_ingress_interface_statistics": null,
            "ipv6_addresses": null,
            "ipv6_autoconfig": null,
            "ipv6_enable": null,
            "ipv6_link_local_address": null,
            "ipv6_link_local_zone": null,
            "ipv6_verify_unicast_source_reachable_via_allow_default": null,
            "ipv6_verify_unicast_source_reachable_via_allow_self_ping": null,
            "ipv6_verify_unicast_source_reachable_via_type": null,
            "l2transport": null,
            "l2transport_encapsulation_dot1q_second_dot1q": null,
            "l2transport_encapsulation_dot1q_vlan_id": null,
            "load_interval": null,
            "mtu": null,
            "multipoint": null,
            "point_to_point": null,
            "rewrite_ingress_tag_pop_one": null,
            "rewrite_ingress_tag_pop_two": null,
            "service_policy_input": null,
            "service_policy_output": null,
            "shutdown": false,
            "unnumbered": null,
            "vrf": null
          },
          "sensitive_attributes": []
        }
      ]
    },
    {
      "mode": "managed",
      "type": "iosxr_pce",
      "name": "SR-PCE-RR1",
      "provider": "provider[\"registry.terraform.io/ciscodevnet/iosxr\"].SR-RR",
      "instances": [
        {
          "schema_version": 0,
          "attributes": {
            "address_ipv4": "5.5.5.1",
            "address_ipv6": null,
            "api_authentication_digest": null,
            "api_sibling_ipv4": null,
            "api_users": null,
            "delete_mode": null,
            "device": null,
            "id": "Cisco-IOS-XR-um-pce-cfg:/pce",
            "peer_filter_ipv4_access_list": null,
            "state_sync_ipv4s": null
          },
          "sensitive_attributes": []
        }
      ]
    },
    {
      "mode": "managed",
      "type": "iosxr_router_isis",
      "name": "GLB-ISIS-RR",
      "provider": "provider[\"registry.terraform.io/ciscodevnet/iosxr\"].SR-RR",
      "instances": [
        {
          "schema_version": 0,
          "attributes": {
            "affinity_maps": null,
            "delete_mode": null,
            "device": null,
            "distribute_link_state_instance_id": null,
            "distribute_link_state_level": null,
            "distribute_link_state_throttle": null,
            "flex_algos": null,
            "id": "Cisco-IOS-XR-um-router-isis-cfg:/router/isis/processes/process[process-id=1]",
            "interfaces": null,
            "is_type": null,
            "log_adjacency_changes": null,
            "lsp_gen_interval_initial_wait": null,
            "lsp_gen_interval_maximum_wait": null,
            "lsp_gen_interval_secondary_wait": null,
            "lsp_password_keychain": null,
            "lsp_refresh_interval": null,
            "max_lsp_lifetime": null,
            "nets": [
              {
                "net_id": "49.0000.0000.0000.0005.00"
              }
            ],
            "nsf_cisco": null,
            "nsf_ietf": null,
            "nsf_interface_expires": null,
            "nsf_interface_timer": null,
            "nsf_lifetime": null,
            "nsr": null,
            "process_id": "1",
            "set_overload_bit_advertise_external": null,
            "set_overload_bit_advertise_interlevel": null,
            "set_overload_bit_levels": null,
            "set_overload_bit_on_startup_advertise_as_overloaded": null,
            "set_overload_bit_on_startup_advertise_as_overloaded_time_to_advertise": null,
            "set_overload_bit_on_startup_wait_for_bgp": null
          },
          "sensitive_attributes": []
        }
      ]
    },
    {
      "mode": "managed",
      "type": "iosxr_router_isis",
      "name": "GLB-ISIS-SR1",
      "provider": "provider[\"registry.terraform.io/ciscodevnet/iosxr\"].SR-R1",
      "instances": [
        {
          "schema_version": 0,
          "attributes": {
            "affinity_maps": null,
            "delete_mode": null,
            "device": null,
            "distribute_link_state_instance_id": null,
            "distribute_link_state_level": null,
            "distribute_link_state_throttle": null,
            "flex_algos": null,
            "id": "Cisco-IOS-XR-um-router-isis-cfg:/router/isis/processes/process[process-id=1]",
            "interfaces": null,
            "is_type": null,
            "log_adjacency_changes": null,
            "lsp_gen_interval_initial_wait": null,
            "lsp_gen_interval_maximum_wait": null,
            "lsp_gen_interval_secondary_wait": null,
            "lsp_password_keychain": null,
            "lsp_refresh_interval": null,
            "max_lsp_lifetime": null,
            "nets": [
              {
                "net_id": "49.0000.0000.0000.0001.00"
              }
            ],
            "nsf_cisco": null,
            "nsf_ietf": null,
            "nsf_interface_expires": null,
            "nsf_interface_timer": null,
            "nsf_lifetime": null,
            "nsr": null,
            "process_id": "1",
            "set_overload_bit_advertise_external": null,
            "set_overload_bit_advertise_interlevel": null,
            "set_overload_bit_levels": null,
            "set_overload_bit_on_startup_advertise_as_overloaded": null,
            "set_overload_bit_on_startup_advertise_as_overloaded_time_to_advertise": null,
            "set_overload_bit_on_startup_wait_for_bgp": null
          },
          "sensitive_attributes": []
        }
      ]
    },
    {
      "mode": "managed",
      "type": "iosxr_router_isis",
      "name": "GLB-ISIS-SR2",
      "provider": "provider[\"registry.terraform.io/ciscodevnet/iosxr\"].SR-R2",
      "instances": [
        {
          "schema_version": 0,
          "attributes": {
            "affinity_maps": null,
            "delete_mode": null,
            "device": null,
            "distribute_link_state_instance_id": null,
            "distribute_link_state_level": null,
            "distribute_link_state_throttle": null,
            "flex_algos": null,
            "id": "Cisco-IOS-XR-um-router-isis-cfg:/router/isis/processes/process[process-id=1]",
            "interfaces": null,
            "is_type": null,
            "log_adjacency_changes": null,
            "lsp_gen_interval_initial_wait": null,
            "lsp_gen_interval_maximum_wait": null,
            "lsp_gen_interval_secondary_wait": null,
            "lsp_password_keychain": null,
            "lsp_refresh_interval": null,
            "max_lsp_lifetime": null,
            "nets": [
              {
                "net_id": "49.0000.0000.0000.0002.00"
              }
            ],
            "nsf_cisco": null,
            "nsf_ietf": null,
            "nsf_interface_expires": null,
            "nsf_interface_timer": null,
            "nsf_lifetime": null,
            "nsr": null,
            "process_id": "1",
            "set_overload_bit_advertise_external": null,
            "set_overload_bit_advertise_interlevel": null,
            "set_overload_bit_levels": null,
            "set_overload_bit_on_startup_advertise_as_overloaded": null,
            "set_overload_bit_on_startup_advertise_as_overloaded_time_to_advertise": null,
            "set_overload_bit_on_startup_wait_for_bgp": null
          },
          "sensitive_attributes": []
        }
      ]
    },
    {
      "mode": "managed",
      "type": "iosxr_router_isis",
      "name": "GLB-ISIS-SR3",
      "provider": "provider[\"registry.terraform.io/ciscodevnet/iosxr\"].SR-R3",
      "instances": [
        {
          "schema_version": 0,
          "attributes": {
            "affinity_maps": null,
            "delete_mode": null,
            "device": null,
            "distribute_link_state_instance_id": null,
            "distribute_link_state_level": null,
            "distribute_link_state_throttle": null,
            "flex_algos": null,
            "id": "Cisco-IOS-XR-um-router-isis-cfg:/router/isis/processes/process[process-id=1]",
            "interfaces": null,
            "is_type": null,
            "log_adjacency_changes": null,
            "lsp_gen_interval_initial_wait": null,
            "lsp_gen_interval_maximum_wait": null,
            "lsp_gen_interval_secondary_wait": null,
            "lsp_password_keychain": null,
            "lsp_refresh_interval": null,
            "max_lsp_lifetime": null,
            "nets": [
              {
                "net_id": "49.0000.0000.0000.0003.00"
              }
            ],
            "nsf_cisco": null,
            "nsf_ietf": null,
            "nsf_interface_expires": null,
            "nsf_interface_timer": null,
            "nsf_lifetime": null,
            "nsr": null,
            "process_id": "1",
            "set_overload_bit_advertise_external": null,
            "set_overload_bit_advertise_interlevel": null,
            "set_overload_bit_levels": null,
            "set_overload_bit_on_startup_advertise_as_overloaded": null,
            "set_overload_bit_on_startup_advertise_as_overloaded_time_to_advertise": null,
            "set_overload_bit_on_startup_wait_for_bgp": null
          },
          "sensitive_attributes": []
        }
      ]
    },
    {
      "mode": "managed",
      "type": "iosxr_router_isis",
      "name": "GLB-ISIS-SR4",
      "provider": "provider[\"registry.terraform.io/ciscodevnet/iosxr\"].SR-R4",
      "instances": [
        {
          "schema_version": 0,
          "attributes": {
            "affinity_maps": null,
            "delete_mode": null,
            "device": null,
            "distribute_link_state_instance_id": null,
            "distribute_link_state_level": null,
            "distribute_link_state_throttle": null,
            "flex_algos": null,
            "id": "Cisco-IOS-XR-um-router-isis-cfg:/router/isis/processes/process[process-id=1]",
            "interfaces": null,
            "is_type": null,
            "log_adjacency_changes": null,
            "lsp_gen_interval_initial_wait": null,
            "lsp_gen_interval_maximum_wait": null,
            "lsp_gen_interval_secondary_wait": null,
            "lsp_password_keychain": null,
            "lsp_refresh_interval": null,
            "max_lsp_lifetime": null,
            "nets": [
              {
                "net_id": "49.0000.0000.0000.0004.00"
              }
            ],
            "nsf_cisco": null,
            "nsf_ietf": null,
            "nsf_interface_expires": null,
            "nsf_interface_timer": null,
            "nsf_lifetime": null,
            "nsr": null,
            "process_id": "1",
            "set_overload_bit_advertise_external": null,
            "set_overload_bit_advertise_interlevel": null,
            "set_overload_bit_levels": null,
            "set_overload_bit_on_startup_advertise_as_overloaded": null,
            "set_overload_bit_on_startup_advertise_as_overloaded_time_to_advertise": null,
            "set_overload_bit_on_startup_wait_for_bgp": null
          },
          "sensitive_attributes": []
        }
      ]
    },
    {
      "mode": "managed",
      "type": "iosxr_router_isis_interface",
      "name": "GLB-ISIS-RR-INT-Lo0",
      "provider": "provider[\"registry.terraform.io/ciscodevnet/iosxr\"].SR-RR",
      "instances": [
        {
          "schema_version": 0,
          "attributes": {
            "bfd_fast_detect_ipv6": null,
            "circuit_type": null,
            "delete_mode": null,
            "device": null,
            "hello_padding_disable": null,
            "hello_padding_sometimes": null,
            "hello_password_hmac_md5": null,
            "hello_password_keychain": null,
            "hello_password_text": null,
            "id": "Cisco-IOS-XR-um-router-isis-cfg:/router/isis/processes/process[process-id=1]/interfaces/interface[interface-name=Loopback0]",
            "interface_name": "Loopback0",
            "passive": true,
            "point_to_point": null,
            "priority": null,
            "process_id": "1",
            "shutdown": null,
            "suppressed": null
          },
          "sensitive_attributes": []
        }
      ]
    },
    {
      "mode": "managed",
      "type": "iosxr_router_isis_interface",
      "name": "GLB-ISIS-SR1-INT-Lo0",
      "provider": "provider[\"registry.terraform.io/ciscodevnet/iosxr\"].SR-R1",
      "instances": [
        {
          "schema_version": 0,
          "attributes": {
            "bfd_fast_detect_ipv6": null,
            "circuit_type": null,
            "delete_mode": null,
            "device": null,
            "hello_padding_disable": null,
            "hello_padding_sometimes": null,
            "hello_password_hmac_md5": null,
            "hello_password_keychain": null,
            "hello_password_text": null,
            "id": "Cisco-IOS-XR-um-router-isis-cfg:/router/isis/processes/process[process-id=1]/interfaces/interface[interface-name=Loopback0]",
            "interface_name": "Loopback0",
            "passive": true,
            "point_to_point": null,
            "priority": null,
            "process_id": "1",
            "shutdown": null,
            "suppressed": null
          },
          "sensitive_attributes": []
        }
      ]
    },
    {
      "mode": "managed",
      "type": "iosxr_router_isis_interface",
      "name": "GLB-ISIS-SR2-INT-Lo0",
      "provider": "provider[\"registry.terraform.io/ciscodevnet/iosxr\"].SR-R2",
      "instances": [
        {
          "schema_version": 0,
          "attributes": {
            "bfd_fast_detect_ipv6": null,
            "circuit_type": null,
            "delete_mode": null,
            "device": null,
            "hello_padding_disable": null,
            "hello_padding_sometimes": null,
            "hello_password_hmac_md5": null,
            "hello_password_keychain": null,
            "hello_password_text": null,
            "id": "Cisco-IOS-XR-um-router-isis-cfg:/router/isis/processes/process[process-id=1]/interfaces/interface[interface-name=Loopback0]",
            "interface_name": "Loopback0",
            "passive": true,
            "point_to_point": null,
            "priority": null,
            "process_id": "1",
            "shutdown": null,
            "suppressed": null
          },
          "sensitive_attributes": []
        }
      ]
    },
    {
      "mode": "managed",
      "type": "iosxr_router_isis_interface",
      "name": "GLB-ISIS-SR3-INT-Lo0",
      "provider": "provider[\"registry.terraform.io/ciscodevnet/iosxr\"].SR-R3",
      "instances": [
        {
          "schema_version": 0,
          "attributes": {
            "bfd_fast_detect_ipv6": null,
            "circuit_type": null,
            "delete_mode": null,
            "device": null,
            "hello_padding_disable": null,
            "hello_padding_sometimes": null,
            "hello_password_hmac_md5": null,
            "hello_password_keychain": null,
            "hello_password_text": null,
            "id": "Cisco-IOS-XR-um-router-isis-cfg:/router/isis/processes/process[process-id=1]/interfaces/interface[interface-name=Loopback0]",
            "interface_name": "Loopback0",
            "passive": true,
            "point_to_point": null,
            "priority": null,
            "process_id": "1",
            "shutdown": null,
            "suppressed": null
          },
          "sensitive_attributes": []
        }
      ]
    },
    {
      "mode": "managed",
      "type": "iosxr_router_isis_interface",
      "name": "GLB-ISIS-SR4-INT-Lo0",
      "provider": "provider[\"registry.terraform.io/ciscodevnet/iosxr\"].SR-R4",
      "instances": [
        {
          "schema_version": 0,
          "attributes": {
            "bfd_fast_detect_ipv6": null,
            "circuit_type": null,
            "delete_mode": null,
            "device": null,
            "hello_padding_disable": null,
            "hello_padding_sometimes": null,
            "hello_password_hmac_md5": null,
            "hello_password_keychain": null,
            "hello_password_text": null,
            "id": "Cisco-IOS-XR-um-router-isis-cfg:/router/isis/processes/process[process-id=1]/interfaces/interface[interface-name=Loopback0]",
            "interface_name": "Loopback0",
            "passive": true,
            "point_to_point": null,
            "priority": null,
            "process_id": "1",
            "shutdown": null,
            "suppressed": null
          },
          "sensitive_attributes": []
        }
      ]
    },
    {
      "mode": "managed",
      "type": "iosxr_router_isis_interface_address_family",
      "name": "GLB-ISIS-RR-AF-Lo0",
      "provider": "provider[\"registry.terraform.io/ciscodevnet/iosxr\"].SR-RR",
      "instances": [
        {
          "schema_version": 0,
          "attributes": {
            "advertise_prefix_route_policy": null,
            "af_name": "ipv4",
            "delete_mode": null,
            "device": null,
            "fast_reroute_per_prefix": null,
            "fast_reroute_per_prefix_levels": null,
            "fast_reroute_per_prefix_ti_lfa": null,
            "id": "Cisco-IOS-XR-um-router-isis-cfg:/router/isis/processes/process[process-id=1]/interfaces/interface[interface-name=Loopback0]/address-families/address-family[af-name=ipv4][saf-name=unicast]",
            "interface_name": "Loopback0",
            "metric": null,
            "metric_levels": null,
            "metric_maximum": null,
            "prefix_sid_absolute": null,
            "prefix_sid_index": 5,
            "prefix_sid_n_flag_clear": null,
            "prefix_sid_strict_spf_absolute": null,
            "process_id": "1",
            "saf_name": "unicast",
            "tag": null
          },
          "sensitive_attributes": []
        }
      ]
    },
    {
      "mode": "managed",
      "type": "iosxr_router_isis_interface_address_family",
      "name": "GLB-ISIS-SR1-AF-Lo0",
      "provider": "provider[\"registry.terraform.io/ciscodevnet/iosxr\"].SR-R1",
      "instances": [
        {
          "schema_version": 0,
          "attributes": {
            "advertise_prefix_route_policy": null,
            "af_name": "ipv4",
            "delete_mode": null,
            "device": null,
            "fast_reroute_per_prefix": null,
            "fast_reroute_per_prefix_levels": null,
            "fast_reroute_per_prefix_ti_lfa": null,
            "id": "Cisco-IOS-XR-um-router-isis-cfg:/router/isis/processes/process[process-id=1]/interfaces/interface[interface-name=Loopback0]/address-families/address-family[af-name=ipv4][saf-name=unicast]",
            "interface_name": "Loopback0",
            "metric": null,
            "metric_levels": null,
            "metric_maximum": null,
            "prefix_sid_absolute": null,
            "prefix_sid_index": 1,
            "prefix_sid_n_flag_clear": null,
            "prefix_sid_strict_spf_absolute": null,
            "process_id": "1",
            "saf_name": "unicast",
            "tag": null
          },
          "sensitive_attributes": []
        }
      ]
    },
    {
      "mode": "managed",
      "type": "iosxr_router_isis_interface_address_family",
      "name": "GLB-ISIS-SR2-AF-Lo0",
      "provider": "provider[\"registry.terraform.io/ciscodevnet/iosxr\"].SR-R2",
      "instances": [
        {
          "schema_version": 0,
          "attributes": {
            "advertise_prefix_route_policy": null,
            "af_name": "ipv4",
            "delete_mode": null,
            "device": null,
            "fast_reroute_per_prefix": null,
            "fast_reroute_per_prefix_levels": null,
            "fast_reroute_per_prefix_ti_lfa": null,
            "id": "Cisco-IOS-XR-um-router-isis-cfg:/router/isis/processes/process[process-id=1]/interfaces/interface[interface-name=Loopback0]/address-families/address-family[af-name=ipv4][saf-name=unicast]",
            "interface_name": "Loopback0",
            "metric": null,
            "metric_levels": null,
            "metric_maximum": null,
            "prefix_sid_absolute": null,
            "prefix_sid_index": 2,
            "prefix_sid_n_flag_clear": null,
            "prefix_sid_strict_spf_absolute": null,
            "process_id": "1",
            "saf_name": "unicast",
            "tag": null
          },
          "sensitive_attributes": []
        }
      ]
    },
    {
      "mode": "managed",
      "type": "iosxr_router_isis_interface_address_family",
      "name": "GLB-ISIS-SR3-AF-Lo0",
      "provider": "provider[\"registry.terraform.io/ciscodevnet/iosxr\"].SR-R3",
      "instances": [
        {
          "schema_version": 0,
          "attributes": {
            "advertise_prefix_route_policy": null,
            "af_name": "ipv4",
            "delete_mode": null,
            "device": null,
            "fast_reroute_per_prefix": null,
            "fast_reroute_per_prefix_levels": null,
            "fast_reroute_per_prefix_ti_lfa": null,
            "id": "Cisco-IOS-XR-um-router-isis-cfg:/router/isis/processes/process[process-id=1]/interfaces/interface[interface-name=Loopback0]/address-families/address-family[af-name=ipv4][saf-name=unicast]",
            "interface_name": "Loopback0",
            "metric": null,
            "metric_levels": null,
            "metric_maximum": null,
            "prefix_sid_absolute": null,
            "prefix_sid_index": 3,
            "prefix_sid_n_flag_clear": null,
            "prefix_sid_strict_spf_absolute": null,
            "process_id": "1",
            "saf_name": "unicast",
            "tag": null
          },
          "sensitive_attributes": []
        }
      ]
    },
    {
      "mode": "managed",
      "type": "iosxr_router_isis_interface_address_family",
      "name": "GLB-ISIS-SR4-AF-Lo0",
      "provider": "provider[\"registry.terraform.io/ciscodevnet/iosxr\"].SR-R4",
      "instances": [
        {
          "schema_version": 0,
          "attributes": {
            "advertise_prefix_route_policy": null,
            "af_name": "ipv4",
            "delete_mode": null,
            "device": null,
            "fast_reroute_per_prefix": null,
            "fast_reroute_per_prefix_levels": null,
            "fast_reroute_per_prefix_ti_lfa": null,
            "id": "Cisco-IOS-XR-um-router-isis-cfg:/router/isis/processes/process[process-id=1]/interfaces/interface[interface-name=Loopback0]/address-families/address-family[af-name=ipv4][saf-name=unicast]",
            "interface_name": "Loopback0",
            "metric": null,
            "metric_levels": null,
            "metric_maximum": null,
            "prefix_sid_absolute": null,
            "prefix_sid_index": 4,
            "prefix_sid_n_flag_clear": null,
            "prefix_sid_strict_spf_absolute": null,
            "process_id": "1",
            "saf_name": "unicast",
            "tag": null
          },
          "sensitive_attributes": []
        }
      ]
    },
    {
      "mode": "managed",
      "type": "iosxr_router_isis_interface_address_family",
      "name": "ISIS-SR1-AF-Gi0",
      "provider": "provider[\"registry.terraform.io/ciscodevnet/iosxr\"].SR-R1",
      "instances": [
        {
          "schema_version": 0,
          "attributes": {
            "advertise_prefix_route_policy": null,
            "af_name": "ipv4",
            "delete_mode": null,
            "device": null,
            "fast_reroute_per_prefix": null,
            "fast_reroute_per_prefix_levels": null,
            "fast_reroute_per_prefix_ti_lfa": null,
            "id": "Cisco-IOS-XR-um-router-isis-cfg:/router/isis/processes/process[process-id=1]/interfaces/interface[interface-name=GigabitEthernet0/0/0/0]/address-families/address-family[af-name=ipv4][saf-name=unicast]",
            "interface_name": "GigabitEthernet0/0/0/0",
            "metric": null,
            "metric_levels": null,
            "metric_maximum": null,
            "prefix_sid_absolute": null,
            "prefix_sid_index": null,
            "prefix_sid_n_flag_clear": null,
            "prefix_sid_strict_spf_absolute": null,
            "process_id": "1",
            "saf_name": "unicast",
            "tag": null
          },
          "sensitive_attributes": []
        }
      ]
    },
    {
      "mode": "managed",
      "type": "iosxr_router_isis_interface_address_family",
      "name": "ISIS-SR2-AF-Gi0",
      "provider": "provider[\"registry.terraform.io/ciscodevnet/iosxr\"].SR-R2",
      "instances": [
        {
          "schema_version": 0,
          "attributes": {
            "advertise_prefix_route_policy": null,
            "af_name": "ipv4",
            "delete_mode": null,
            "device": null,
            "fast_reroute_per_prefix": null,
            "fast_reroute_per_prefix_levels": null,
            "fast_reroute_per_prefix_ti_lfa": null,
            "id": "Cisco-IOS-XR-um-router-isis-cfg:/router/isis/processes/process[process-id=1]/interfaces/interface[interface-name=GigabitEthernet0/0/0/0]/address-families/address-family[af-name=ipv4][saf-name=unicast]",
            "interface_name": "GigabitEthernet0/0/0/0",
            "metric": null,
            "metric_levels": null,
            "metric_maximum": null,
            "prefix_sid_absolute": null,
            "prefix_sid_index": null,
            "prefix_sid_n_flag_clear": null,
            "prefix_sid_strict_spf_absolute": null,
            "process_id": "1",
            "saf_name": "unicast",
            "tag": null
          },
          "sensitive_attributes": []
        }
      ]
    },
    {
      "mode": "managed",
      "type": "iosxr_segment_routing_te",
      "name": "SR1-PCC",
      "provider": "provider[\"registry.terraform.io/ciscodevnet/iosxr\"].SR-R1",
      "instances": [
        {
          "schema_version": 0,
          "attributes": {
            "delete_mode": null,
            "device": null,
            "id": "Cisco-IOS-XR-segment-routing-ms-cfg:/sr/Cisco-IOS-XR-infra-xtc-agent-cfg:traffic-engineering",
            "logging_pcep_peer_status": null,
            "logging_policy_status": null,
            "on_demand_colors": null,
            "pcc_dead_timer": null,
            "pcc_delegation_timeout": null,
            "pcc_initiated_orphan": null,
            "pcc_initiated_state": null,
            "pcc_report_all": null,
            "pcc_source_address": "1.1.1.1",
            "pce_peers": [
              {
                "pce_address": "5.5.5.1",
                "precedence": null
              }
            ],
            "policies": null
          },
          "sensitive_attributes": []
        }
      ]
    },
    {
      "mode": "managed",
      "type": "iosxr_segment_routing_te",
      "name": "SR2-PCC",
      "provider": "provider[\"registry.terraform.io/ciscodevnet/iosxr\"].SR-R2",
      "instances": [
        {
          "schema_version": 0,
          "attributes": {
            "delete_mode": null,
            "device": null,
            "id": "Cisco-IOS-XR-segment-routing-ms-cfg:/sr/Cisco-IOS-XR-infra-xtc-agent-cfg:traffic-engineering",
            "logging_pcep_peer_status": null,
            "logging_policy_status": null,
            "on_demand_colors": null,
            "pcc_dead_timer": null,
            "pcc_delegation_timeout": null,
            "pcc_initiated_orphan": null,
            "pcc_initiated_state": null,
            "pcc_report_all": null,
            "pcc_source_address": "2.2.2.1",
            "pce_peers": [
              {
                "pce_address": "5.5.5.1",
                "precedence": null
              }
            ],
            "policies": null
          },
          "sensitive_attributes": []
        }
      ]
    },
    {
      "mode": "managed",
      "type": "iosxr_segment_routing_te",
      "name": "SR3-PCC",
      "provider": "provider[\"registry.terraform.io/ciscodevnet/iosxr\"].SR-R3",
      "instances": [
        {
          "schema_version": 0,
          "attributes": {
            "delete_mode": null,
            "device": null,
            "id": "Cisco-IOS-XR-segment-routing-ms-cfg:/sr/Cisco-IOS-XR-infra-xtc-agent-cfg:traffic-engineering",
            "logging_pcep_peer_status": null,
            "logging_policy_status": null,
            "on_demand_colors": null,
            "pcc_dead_timer": null,
            "pcc_delegation_timeout": null,
            "pcc_initiated_orphan": null,
            "pcc_initiated_state": null,
            "pcc_report_all": null,
            "pcc_source_address": "3.3.3.1",
            "pce_peers": [
              {
                "pce_address": "5.5.5.1",
                "precedence": null
              }
            ],
            "policies": null
          },
          "sensitive_attributes": []
        }
      ]
    },
    {
      "mode": "managed",
      "type": "iosxr_segment_routing_te",
      "name": "SR4-PCC",
      "provider": "provider[\"registry.terraform.io/ciscodevnet/iosxr\"].SR-R4",
      "instances": [
        {
          "schema_version": 0,
          "attributes": {
            "delete_mode": null,
            "device": null,
            "id": "Cisco-IOS-XR-segment-routing-ms-cfg:/sr/Cisco-IOS-XR-infra-xtc-agent-cfg:traffic-engineering",
            "logging_pcep_peer_status": null,
            "logging_policy_status": null,
            "on_demand_colors": null,
            "pcc_dead_timer": null,
            "pcc_delegation_timeout": null,
            "pcc_initiated_orphan": null,
            "pcc_initiated_state": null,
            "pcc_report_all": null,
            "pcc_source_address": "4.4.4.1",
            "pce_peers": [
              {
                "pce_address": "5.5.5.1",
                "precedence": null
              }
            ],
            "policies": null
          },
          "sensitive_attributes": []
        }
      ]
    },
    {
      "module": "module.rr1",
      "mode": "managed",
      "type": "iosxr_interface",
      "name": "RR-INT-Gi1",
      "provider": "provider[\"registry.terraform.io/ciscodevnet/iosxr\"].SR-RR",
      "instances": [
        {
          "schema_version": 0,
          "attributes": {
            "bandwidth": null,
            "bfd_mode_ietf": null,
            "bundle_id": null,
            "bundle_id_mode": null,
            "bundle_load_balancing_hash_dst_ip": null,
            "bundle_load_balancing_hash_src_ip": null,
            "bundle_maximum_active_links": null,
            "bundle_minimum_active_links": null,
            "bundle_port_priority": null,
            "bundle_shutdown": null,
            "cdp": null,
            "dampening_decay_half_life_value": null,
            "delete_mode": null,
            "description": null,
            "device": null,
            "encapsulation_dot1q_vlan_id": null,
            "flow_ipv4_egress_monitor_samplers": null,
            "flow_ipv4_egress_monitors": null,
            "flow_ipv4_ingress_monitor_samplers": null,
            "flow_ipv4_ingress_monitors": null,
            "flow_ipv6_egress_monitor_samplers": null,
            "flow_ipv6_egress_monitors": null,
            "flow_ipv6_ingress_monitor_samplers": null,
            "flow_ipv6_ingress_monitors": null,
            "id": "Cisco-IOS-XR-um-interface-cfg:/interfaces/interface[interface-name=GigabitEthernet0/0/0/1]",
            "interface_name": "GigabitEthernet0/0/0/1",
            "ipv4_access_group_egress_acl": null,
            "ipv4_access_group_egress_compress_level": null,
            "ipv4_access_group_egress_hardware_count": null,
            "ipv4_access_group_egress_interface_statistics": null,
            "ipv4_access_group_ingress_acl1": null,
            "ipv4_access_group_ingress_compress_level": null,
            "ipv4_access_group_ingress_hardware_count": null,
            "ipv4_access_group_ingress_interface_statistics": null,
            "ipv4_address": null,
            "ipv4_netmask": null,
            "ipv4_point_to_point": true,
            "ipv4_verify_unicast_source_reachable_via_allow_default": null,
            "ipv4_verify_unicast_source_reachable_via_allow_self_ping": null,
            "ipv4_verify_unicast_source_reachable_via_type": null,
            "ipv6_access_group_egress_acl1": null,
            "ipv6_access_group_egress_compress_level": null,
            "ipv6_access_group_egress_interface_statistics": null,
            "ipv6_access_group_ingress_acl1": null,
            "ipv6_access_group_ingress_compress_level": null,
            "ipv6_access_group_ingress_interface_statistics": null,
            "ipv6_addresses": null,
            "ipv6_autoconfig": null,
            "ipv6_enable": null,
            "ipv6_link_local_address": null,
            "ipv6_link_local_zone": null,
            "ipv6_verify_unicast_source_reachable_via_allow_default": null,
            "ipv6_verify_unicast_source_reachable_via_allow_self_ping": null,
            "ipv6_verify_unicast_source_reachable_via_type": null,
            "l2transport": null,
            "l2transport_encapsulation_dot1q_second_dot1q": null,
            "l2transport_encapsulation_dot1q_vlan_id": null,
            "load_interval": null,
            "mtu": null,
            "multipoint": null,
            "point_to_point": null,
            "rewrite_ingress_tag_pop_one": null,
            "rewrite_ingress_tag_pop_two": null,
            "service_policy_input": null,
            "service_policy_output": null,
            "shutdown": false,
            "unnumbered": null,
            "vrf": null
          },
          "sensitive_attributes": []
        }
      ]
    },
    {
      "module": "module.rr1",
      "mode": "managed",
      "type": "iosxr_interface",
      "name": "RR-INT-Gi2",
      "provider": "provider[\"registry.terraform.io/ciscodevnet/iosxr\"].SR-RR",
      "instances": [
        {
          "schema_version": 0,
          "attributes": {
            "bandwidth": null,
            "bfd_mode_ietf": null,
            "bundle_id": null,
            "bundle_id_mode": null,
            "bundle_load_balancing_hash_dst_ip": null,
            "bundle_load_balancing_hash_src_ip": null,
            "bundle_maximum_active_links": null,
            "bundle_minimum_active_links": null,
            "bundle_port_priority": null,
            "bundle_shutdown": null,
            "cdp": null,
            "dampening_decay_half_life_value": null,
            "delete_mode": null,
            "description": null,
            "device": null,
            "encapsulation_dot1q_vlan_id": null,
            "flow_ipv4_egress_monitor_samplers": null,
            "flow_ipv4_egress_monitors": null,
            "flow_ipv4_ingress_monitor_samplers": null,
            "flow_ipv4_ingress_monitors": null,
            "flow_ipv6_egress_monitor_samplers": null,
            "flow_ipv6_egress_monitors": null,
            "flow_ipv6_ingress_monitor_samplers": null,
            "flow_ipv6_ingress_monitors": null,
            "id": "Cisco-IOS-XR-um-interface-cfg:/interfaces/interface[interface-name=GigabitEthernet0/0/0/2]",
            "interface_name": "GigabitEthernet0/0/0/2",
            "ipv4_access_group_egress_acl": null,
            "ipv4_access_group_egress_compress_level": null,
            "ipv4_access_group_egress_hardware_count": null,
            "ipv4_access_group_egress_interface_statistics": null,
            "ipv4_access_group_ingress_acl1": null,
            "ipv4_access_group_ingress_compress_level": null,
            "ipv4_access_group_ingress_hardware_count": null,
            "ipv4_access_group_ingress_interface_statistics": null,
            "ipv4_address": null,
            "ipv4_netmask": null,
            "ipv4_point_to_point": true,
            "ipv4_verify_unicast_source_reachable_via_allow_default": null,
            "ipv4_verify_unicast_source_reachable_via_allow_self_ping": null,
            "ipv4_verify_unicast_source_reachable_via_type": null,
            "ipv6_access_group_egress_acl1": null,
            "ipv6_access_group_egress_compress_level": null,
            "ipv6_access_group_egress_interface_statistics": null,
            "ipv6_access_group_ingress_acl1": null,
            "ipv6_access_group_ingress_compress_level": null,
            "ipv6_access_group_ingress_interface_statistics": null,
            "ipv6_addresses": null,
            "ipv6_autoconfig": null,
            "ipv6_enable": null,
            "ipv6_link_local_address": null,
            "ipv6_link_local_zone": null,
            "ipv6_verify_unicast_source_reachable_via_allow_default": null,
            "ipv6_verify_unicast_source_reachable_via_allow_self_ping": null,
            "ipv6_verify_unicast_source_reachable_via_type": null,
            "l2transport": null,
            "l2transport_encapsulation_dot1q_second_dot1q": null,
            "l2transport_encapsulation_dot1q_vlan_id": null,
            "load_interval": null,
            "mtu": null,
            "multipoint": null,
            "point_to_point": null,
            "rewrite_ingress_tag_pop_one": null,
            "rewrite_ingress_tag_pop_two": null,
            "service_policy_input": null,
            "service_policy_output": null,
            "shutdown": false,
            "unnumbered": null,
            "vrf": null
          },
          "sensitive_attributes": []
        }
      ]
    },
    {
      "module": "module.rr1",
      "mode": "managed",
      "type": "iosxr_router_isis",
      "name": "GLB-ISIS",
      "provider": "provider[\"registry.terraform.io/ciscodevnet/iosxr\"].SR-RR",
      "instances": [
        {
          "schema_version": 0,
          "attributes": {
            "affinity_maps": null,
            "delete_mode": null,
            "device": null,
            "distribute_link_state_instance_id": null,
            "distribute_link_state_level": null,
            "distribute_link_state_throttle": null,
            "flex_algos": null,
            "id": "Cisco-IOS-XR-um-router-isis-cfg:/router/isis/processes/process[process-id=1]",
            "interfaces": null,
            "is_type": null,
            "log_adjacency_changes": null,
            "lsp_gen_interval_initial_wait": null,
            "lsp_gen_interval_maximum_wait": null,
            "lsp_gen_interval_secondary_wait": null,
            "lsp_password_keychain": null,
            "lsp_refresh_interval": null,
            "max_lsp_lifetime": null,
            "nets": null,
            "nsf_cisco": null,
            "nsf_ietf": null,
            "nsf_interface_expires": null,
            "nsf_interface_timer": null,
            "nsf_lifetime": null,
            "nsr": null,
            "process_id": "1",
            "set_overload_bit_advertise_external": null,
            "set_overload_bit_advertise_interlevel": null,
            "set_overload_bit_levels": null,
            "set_overload_bit_on_startup_advertise_as_overloaded": null,
            "set_overload_bit_on_startup_advertise_as_overloaded_time_to_advertise": null,
            "set_overload_bit_on_startup_wait_for_bgp": null
          },
          "sensitive_attributes": []
        }
      ]
    },
    {
      "module": "module.rr1",
      "mode": "managed",
      "type": "iosxr_router_isis_address_family",
      "name": "GLB-ISIS-AF",
      "provider": "provider[\"registry.terraform.io/ciscodevnet/iosxr\"].SR-RR",
      "instances": [
        {
          "schema_version": 0,
          "attributes": {
            "advertise_link_attributes": null,
            "advertise_passive_only": null,
            "af_name": "ipv4",
            "default_information_originate": null,
            "delete_mode": null,
            "device": null,
            "fast_reroute_delay_interval": null,
            "fast_reroute_per_link_priority_limit_critical": null,
            "fast_reroute_per_link_priority_limit_high": null,
            "fast_reroute_per_link_priority_limit_medium": null,
            "fast_reroute_per_prefix_priority_limit_critical": null,
            "fast_reroute_per_prefix_priority_limit_high": null,
            "fast_reroute_per_prefix_priority_limit_medium": null,
            "id": "Cisco-IOS-XR-um-router-isis-cfg:/router/isis/processes/process[process-id=1]/address-families/address-family[af-name=ipv4][saf-name=unicast]",
            "maximum_redistributed_prefixes": null,
            "maximum_redistributed_prefixes_levels": null,
            "metric_style_levels": null,
            "metric_style_narrow": null,
            "metric_style_transition": null,
            "metric_style_wide": null,
            "microloop_avoidance_protected": null,
            "microloop_avoidance_segment_routing": null,
            "mpls_ldp_auto_config": null,
            "mpls_traffic_eng_level_1": null,
            "mpls_traffic_eng_level_1_2": null,
            "mpls_traffic_eng_level_2_only": null,
            "mpls_traffic_eng_router_id_interface": null,
            "mpls_traffic_eng_router_id_ip_address": null,
            "process_id": "1",
            "redistribute_isis": null,
            "router_id_interface_name": null,
            "router_id_ip_address": null,
            "saf_name": "unicast",
            "segment_routing_mpls_sr_prefer": true,
            "segment_routing_srv6_locators": null,
            "spf_interval_initial_wait": null,
            "spf_interval_maximum_wait": null,
            "spf_interval_secondary_wait": null,
            "spf_prefix_priorities": null
          },
          "sensitive_attributes": []
        }
      ]
    },
    {
      "module": "module.rr1",
      "mode": "managed",
      "type": "iosxr_router_isis_address_family",
      "name": "GLB-SR-AF-RR",
      "provider": "provider[\"registry.terraform.io/ciscodevnet/iosxr\"].SR-RR",
      "instances": [
        {
          "schema_version": 0,
          "attributes": {
            "advertise_link_attributes": null,
            "advertise_passive_only": null,
            "af_name": "ipv4",
            "default_information_originate": null,
            "delete_mode": null,
            "device": null,
            "fast_reroute_delay_interval": null,
            "fast_reroute_per_link_priority_limit_critical": null,
            "fast_reroute_per_link_priority_limit_high": null,
            "fast_reroute_per_link_priority_limit_medium": null,
            "fast_reroute_per_prefix_priority_limit_critical": null,
            "fast_reroute_per_prefix_priority_limit_high": null,
            "fast_reroute_per_prefix_priority_limit_medium": null,
            "id": "Cisco-IOS-XR-um-router-isis-cfg:/router/isis/processes/process[process-id=1]/address-families/address-family[af-name=ipv4][saf-name=unicast]",
            "maximum_redistributed_prefixes": null,
            "maximum_redistributed_prefixes_levels": null,
            "metric_style_levels": null,
            "metric_style_narrow": null,
            "metric_style_transition": null,
            "metric_style_wide": true,
            "microloop_avoidance_protected": null,
            "microloop_avoidance_segment_routing": null,
            "mpls_ldp_auto_config": null,
            "mpls_traffic_eng_level_1": null,
            "mpls_traffic_eng_level_1_2": null,
            "mpls_traffic_eng_level_2_only": null,
            "mpls_traffic_eng_router_id_interface": null,
            "mpls_traffic_eng_router_id_ip_address": null,
            "process_id": "1",
            "redistribute_isis": null,
            "router_id_interface_name": null,
            "router_id_ip_address": null,
            "saf_name": "unicast",
            "segment_routing_mpls_sr_prefer": null,
            "segment_routing_srv6_locators": null,
            "spf_interval_initial_wait": null,
            "spf_interval_maximum_wait": null,
            "spf_interval_secondary_wait": null,
            "spf_prefix_priorities": null
          },
          "sensitive_attributes": []
        }
      ]
    },
    {
      "module": "module.rr1",
      "mode": "managed",
      "type": "iosxr_router_isis_interface_address_family",
      "name": "GLB-ISIS-AF-Gi1",
      "provider": "provider[\"registry.terraform.io/ciscodevnet/iosxr\"].SR-RR",
      "instances": [
        {
          "schema_version": 0,
          "attributes": {
            "advertise_prefix_route_policy": null,
            "af_name": "ipv4",
            "delete_mode": null,
            "device": null,
            "fast_reroute_per_prefix": null,
            "fast_reroute_per_prefix_levels": null,
            "fast_reroute_per_prefix_ti_lfa": null,
            "id": "Cisco-IOS-XR-um-router-isis-cfg:/router/isis/processes/process[process-id=1]/interfaces/interface[interface-name=GigabitEthernet0/0/0/1]/address-families/address-family[af-name=ipv4][saf-name=unicast]",
            "interface_name": "GigabitEthernet0/0/0/1",
            "metric": null,
            "metric_levels": null,
            "metric_maximum": null,
            "prefix_sid_absolute": null,
            "prefix_sid_index": null,
            "prefix_sid_n_flag_clear": null,
            "prefix_sid_strict_spf_absolute": null,
            "process_id": "1",
            "saf_name": "unicast",
            "tag": null
          },
          "sensitive_attributes": []
        }
      ]
    },
    {
      "module": "module.rr1",
      "mode": "managed",
      "type": "iosxr_router_isis_interface_address_family",
      "name": "GLB-ISIS-AF-Gi2",
      "provider": "provider[\"registry.terraform.io/ciscodevnet/iosxr\"].SR-RR",
      "instances": [
        {
          "schema_version": 0,
          "attributes": {
            "advertise_prefix_route_policy": null,
            "af_name": "ipv4",
            "delete_mode": null,
            "device": null,
            "fast_reroute_per_prefix": null,
            "fast_reroute_per_prefix_levels": null,
            "fast_reroute_per_prefix_ti_lfa": null,
            "id": "Cisco-IOS-XR-um-router-isis-cfg:/router/isis/processes/process[process-id=1]/interfaces/interface[interface-name=GigabitEthernet0/0/0/2]/address-families/address-family[af-name=ipv4][saf-name=unicast]",
            "interface_name": "GigabitEthernet0/0/0/2",
            "metric": null,
            "metric_levels": null,
            "metric_maximum": null,
            "prefix_sid_absolute": null,
            "prefix_sid_index": null,
            "prefix_sid_n_flag_clear": null,
            "prefix_sid_strict_spf_absolute": null,
            "process_id": "1",
            "saf_name": "unicast",
            "tag": null
          },
          "sensitive_attributes": []
        }
      ]
    },
    {
      "module": "module.rr1",
      "mode": "managed",
      "type": "iosxr_segment_routing",
      "name": "GLB-SR-RR",
      "provider": "provider[\"registry.terraform.io/ciscodevnet/iosxr\"].SR-RR",
      "instances": [
        {
          "schema_version": 0,
          "attributes": {
            "delete_mode": null,
            "device": null,
            "global_block_lower_bound": 16000,
            "global_block_upper_bound": 29999,
            "id": "Cisco-IOS-XR-segment-routing-ms-cfg:/sr",
            "local_block_lower_bound": 15000,
            "local_block_upper_bound": 15999
          },
          "sensitive_attributes": []
        }
      ]
    },
    {
      "module": "module.sr1",
      "mode": "managed",
      "type": "iosxr_interface",
      "name": "GLB-INT-Gi0",
      "provider": "provider[\"registry.terraform.io/ciscodevnet/iosxr\"].SR-R1",
      "instances": [
        {
          "schema_version": 0,
          "attributes": {
            "bandwidth": null,
            "bfd_mode_ietf": null,
            "bundle_id": null,
            "bundle_id_mode": null,
            "bundle_load_balancing_hash_dst_ip": null,
            "bundle_load_balancing_hash_src_ip": null,
            "bundle_maximum_active_links": null,
            "bundle_minimum_active_links": null,
            "bundle_port_priority": null,
            "bundle_shutdown": null,
            "cdp": null,
            "dampening_decay_half_life_value": null,
            "delete_mode": null,
            "description": null,
            "device": null,
            "encapsulation_dot1q_vlan_id": null,
            "flow_ipv4_egress_monitor_samplers": null,
            "flow_ipv4_egress_monitors": null,
            "flow_ipv4_ingress_monitor_samplers": null,
            "flow_ipv4_ingress_monitors": null,
            "flow_ipv6_egress_monitor_samplers": null,
            "flow_ipv6_egress_monitors": null,
            "flow_ipv6_ingress_monitor_samplers": null,
            "flow_ipv6_ingress_monitors": null,
            "id": "Cisco-IOS-XR-um-interface-cfg:/interfaces/interface[interface-name=GigabitEthernet0/0/0/0]",
            "interface_name": "GigabitEthernet0/0/0/0",
            "ipv4_access_group_egress_acl": null,
            "ipv4_access_group_egress_compress_level": null,
            "ipv4_access_group_egress_hardware_count": null,
            "ipv4_access_group_egress_interface_statistics": null,
            "ipv4_access_group_ingress_acl1": null,
            "ipv4_access_group_ingress_compress_level": null,
            "ipv4_access_group_ingress_hardware_count": null,
            "ipv4_access_group_ingress_interface_statistics": null,
            "ipv4_address": null,
            "ipv4_netmask": null,
            "ipv4_point_to_point": true,
            "ipv4_verify_unicast_source_reachable_via_allow_default": null,
            "ipv4_verify_unicast_source_reachable_via_allow_self_ping": null,
            "ipv4_verify_unicast_source_reachable_via_type": null,
            "ipv6_access_group_egress_acl1": null,
            "ipv6_access_group_egress_compress_level": null,
            "ipv6_access_group_egress_interface_statistics": null,
            "ipv6_access_group_ingress_acl1": null,
            "ipv6_access_group_ingress_compress_level": null,
            "ipv6_access_group_ingress_interface_statistics": null,
            "ipv6_addresses": null,
            "ipv6_autoconfig": null,
            "ipv6_enable": null,
            "ipv6_link_local_address": null,
            "ipv6_link_local_zone": null,
            "ipv6_verify_unicast_source_reachable_via_allow_default": null,
            "ipv6_verify_unicast_source_reachable_via_allow_self_ping": null,
            "ipv6_verify_unicast_source_reachable_via_type": null,
            "l2transport": null,
            "l2transport_encapsulation_dot1q_second_dot1q": null,
            "l2transport_encapsulation_dot1q_vlan_id": null,
            "load_interval": null,
            "mtu": null,
            "multipoint": null,
            "point_to_point": null,
            "rewrite_ingress_tag_pop_one": null,
            "rewrite_ingress_tag_pop_two": null,
            "service_policy_input": null,
            "service_policy_output": null,
            "shutdown": false,
            "unnumbered": null,
            "vrf": null
          },
          "sensitive_attributes": []
        }
      ]
    },
    {
      "module": "module.sr1",
      "mode": "managed",
      "type": "iosxr_interface",
      "name": "GLB-INT-Gi1",
      "provider": "provider[\"registry.terraform.io/ciscodevnet/iosxr\"].SR-R1",
      "instances": [
        {
          "schema_version": 0,
          "attributes": {
            "bandwidth": null,
            "bfd_mode_ietf": null,
            "bundle_id": null,
            "bundle_id_mode": null,
            "bundle_load_balancing_hash_dst_ip": null,
            "bundle_load_balancing_hash_src_ip": null,
            "bundle_maximum_active_links": null,
            "bundle_minimum_active_links": null,
            "bundle_port_priority": null,
            "bundle_shutdown": null,
            "cdp": null,
            "dampening_decay_half_life_value": null,
            "delete_mode": null,
            "description": null,
            "device": null,
            "encapsulation_dot1q_vlan_id": null,
            "flow_ipv4_egress_monitor_samplers": null,
            "flow_ipv4_egress_monitors": null,
            "flow_ipv4_ingress_monitor_samplers": null,
            "flow_ipv4_ingress_monitors": null,
            "flow_ipv6_egress_monitor_samplers": null,
            "flow_ipv6_egress_monitors": null,
            "flow_ipv6_ingress_monitor_samplers": null,
            "flow_ipv6_ingress_monitors": null,
            "id": "Cisco-IOS-XR-um-interface-cfg:/interfaces/interface[interface-name=GigabitEthernet0/0/0/1]",
            "interface_name": "GigabitEthernet0/0/0/1",
            "ipv4_access_group_egress_acl": null,
            "ipv4_access_group_egress_compress_level": null,
            "ipv4_access_group_egress_hardware_count": null,
            "ipv4_access_group_egress_interface_statistics": null,
            "ipv4_access_group_ingress_acl1": null,
            "ipv4_access_group_ingress_compress_level": null,
            "ipv4_access_group_ingress_hardware_count": null,
            "ipv4_access_group_ingress_interface_statistics": null,
            "ipv4_address": null,
            "ipv4_netmask": null,
            "ipv4_point_to_point": true,
            "ipv4_verify_unicast_source_reachable_via_allow_default": null,
            "ipv4_verify_unicast_source_reachable_via_allow_self_ping": null,
            "ipv4_verify_unicast_source_reachable_via_type": null,
            "ipv6_access_group_egress_acl1": null,
            "ipv6_access_group_egress_compress_level": null,
            "ipv6_access_group_egress_interface_statistics": null,
            "ipv6_access_group_ingress_acl1": null,
            "ipv6_access_group_ingress_compress_level": null,
            "ipv6_access_group_ingress_interface_statistics": null,
            "ipv6_addresses": null,
            "ipv6_autoconfig": null,
            "ipv6_enable": null,
            "ipv6_link_local_address": null,
            "ipv6_link_local_zone": null,
            "ipv6_verify_unicast_source_reachable_via_allow_default": null,
            "ipv6_verify_unicast_source_reachable_via_allow_self_ping": null,
            "ipv6_verify_unicast_source_reachable_via_type": null,
            "l2transport": null,
            "l2transport_encapsulation_dot1q_second_dot1q": null,
            "l2transport_encapsulation_dot1q_vlan_id": null,
            "load_interval": null,
            "mtu": null,
            "multipoint": null,
            "point_to_point": null,
            "rewrite_ingress_tag_pop_one": null,
            "rewrite_ingress_tag_pop_two": null,
            "service_policy_input": null,
            "service_policy_output": null,
            "shutdown": false,
            "unnumbered": null,
            "vrf": null
          },
          "sensitive_attributes": []
        }
      ]
    },
    {
      "module": "module.sr1",
      "mode": "managed",
      "type": "iosxr_interface",
      "name": "GLB-INT-Gi2",
      "provider": "provider[\"registry.terraform.io/ciscodevnet/iosxr\"].SR-R1",
      "instances": [
        {
          "schema_version": 0,
          "attributes": {
            "bandwidth": null,
            "bfd_mode_ietf": null,
            "bundle_id": null,
            "bundle_id_mode": null,
            "bundle_load_balancing_hash_dst_ip": null,
            "bundle_load_balancing_hash_src_ip": null,
            "bundle_maximum_active_links": null,
            "bundle_minimum_active_links": null,
            "bundle_port_priority": null,
            "bundle_shutdown": null,
            "cdp": null,
            "dampening_decay_half_life_value": null,
            "delete_mode": null,
            "description": null,
            "device": null,
            "encapsulation_dot1q_vlan_id": null,
            "flow_ipv4_egress_monitor_samplers": null,
            "flow_ipv4_egress_monitors": null,
            "flow_ipv4_ingress_monitor_samplers": null,
            "flow_ipv4_ingress_monitors": null,
            "flow_ipv6_egress_monitor_samplers": null,
            "flow_ipv6_egress_monitors": null,
            "flow_ipv6_ingress_monitor_samplers": null,
            "flow_ipv6_ingress_monitors": null,
            "id": "Cisco-IOS-XR-um-interface-cfg:/interfaces/interface[interface-name=GigabitEthernet0/0/0/2]",
            "interface_name": "GigabitEthernet0/0/0/2",
            "ipv4_access_group_egress_acl": null,
            "ipv4_access_group_egress_compress_level": null,
            "ipv4_access_group_egress_hardware_count": null,
            "ipv4_access_group_egress_interface_statistics": null,
            "ipv4_access_group_ingress_acl1": null,
            "ipv4_access_group_ingress_compress_level": null,
            "ipv4_access_group_ingress_hardware_count": null,
            "ipv4_access_group_ingress_interface_statistics": null,
            "ipv4_address": null,
            "ipv4_netmask": null,
            "ipv4_point_to_point": true,
            "ipv4_verify_unicast_source_reachable_via_allow_default": null,
            "ipv4_verify_unicast_source_reachable_via_allow_self_ping": null,
            "ipv4_verify_unicast_source_reachable_via_type": null,
            "ipv6_access_group_egress_acl1": null,
            "ipv6_access_group_egress_compress_level": null,
            "ipv6_access_group_egress_interface_statistics": null,
            "ipv6_access_group_ingress_acl1": null,
            "ipv6_access_group_ingress_compress_level": null,
            "ipv6_access_group_ingress_interface_statistics": null,
            "ipv6_addresses": null,
            "ipv6_autoconfig": null,
            "ipv6_enable": null,
            "ipv6_link_local_address": null,
            "ipv6_link_local_zone": null,
            "ipv6_verify_unicast_source_reachable_via_allow_default": null,
            "ipv6_verify_unicast_source_reachable_via_allow_self_ping": null,
            "ipv6_verify_unicast_source_reachable_via_type": null,
            "l2transport": null,
            "l2transport_encapsulation_dot1q_second_dot1q": null,
            "l2transport_encapsulation_dot1q_vlan_id": null,
            "load_interval": null,
            "mtu": null,
            "multipoint": null,
            "point_to_point": null,
            "rewrite_ingress_tag_pop_one": null,
            "rewrite_ingress_tag_pop_two": null,
            "service_policy_input": null,
            "service_policy_output": null,
            "shutdown": false,
            "unnumbered": null,
            "vrf": null
          },
          "sensitive_attributes": []
        }
      ]
    },
    {
      "module": "module.sr1",
      "mode": "managed",
      "type": "iosxr_interface",
      "name": "GLB-INT-Gi3",
      "provider": "provider[\"registry.terraform.io/ciscodevnet/iosxr\"].SR-R1",
      "instances": [
        {
          "schema_version": 0,
          "attributes": {
            "bandwidth": null,
            "bfd_mode_ietf": null,
            "bundle_id": null,
            "bundle_id_mode": null,
            "bundle_load_balancing_hash_dst_ip": null,
            "bundle_load_balancing_hash_src_ip": null,
            "bundle_maximum_active_links": null,
            "bundle_minimum_active_links": null,
            "bundle_port_priority": null,
            "bundle_shutdown": null,
            "cdp": null,
            "dampening_decay_half_life_value": null,
            "delete_mode": null,
            "description": null,
            "device": null,
            "encapsulation_dot1q_vlan_id": null,
            "flow_ipv4_egress_monitor_samplers": null,
            "flow_ipv4_egress_monitors": null,
            "flow_ipv4_ingress_monitor_samplers": null,
            "flow_ipv4_ingress_monitors": null,
            "flow_ipv6_egress_monitor_samplers": null,
            "flow_ipv6_egress_monitors": null,
            "flow_ipv6_ingress_monitor_samplers": null,
            "flow_ipv6_ingress_monitors": null,
            "id": "Cisco-IOS-XR-um-interface-cfg:/interfaces/interface[interface-name=GigabitEthernet0/0/0/3]",
            "interface_name": "GigabitEthernet0/0/0/3",
            "ipv4_access_group_egress_acl": null,
            "ipv4_access_group_egress_compress_level": null,
            "ipv4_access_group_egress_hardware_count": null,
            "ipv4_access_group_egress_interface_statistics": null,
            "ipv4_access_group_ingress_acl1": null,
            "ipv4_access_group_ingress_compress_level": null,
            "ipv4_access_group_ingress_hardware_count": null,
            "ipv4_access_group_ingress_interface_statistics": null,
            "ipv4_address": null,
            "ipv4_netmask": null,
            "ipv4_point_to_point": true,
            "ipv4_verify_unicast_source_reachable_via_allow_default": null,
            "ipv4_verify_unicast_source_reachable_via_allow_self_ping": null,
            "ipv4_verify_unicast_source_reachable_via_type": null,
            "ipv6_access_group_egress_acl1": null,
            "ipv6_access_group_egress_compress_level": null,
            "ipv6_access_group_egress_interface_statistics": null,
            "ipv6_access_group_ingress_acl1": null,
            "ipv6_access_group_ingress_compress_level": null,
            "ipv6_access_group_ingress_interface_statistics": null,
            "ipv6_addresses": null,
            "ipv6_autoconfig": null,
            "ipv6_enable": null,
            "ipv6_link_local_address": null,
            "ipv6_link_local_zone": null,
            "ipv6_verify_unicast_source_reachable_via_allow_default": null,
            "ipv6_verify_unicast_source_reachable_via_allow_self_ping": null,
            "ipv6_verify_unicast_source_reachable_via_type": null,
            "l2transport": null,
            "l2transport_encapsulation_dot1q_second_dot1q": null,
            "l2transport_encapsulation_dot1q_vlan_id": null,
            "load_interval": null,
            "mtu": null,
            "multipoint": null,
            "point_to_point": null,
            "rewrite_ingress_tag_pop_one": null,
            "rewrite_ingress_tag_pop_two": null,
            "service_policy_input": null,
            "service_policy_output": null,
            "shutdown": false,
            "unnumbered": null,
            "vrf": null
          },
          "sensitive_attributes": []
        }
      ]
    },
    {
      "module": "module.sr1",
      "mode": "managed",
      "type": "iosxr_router_isis",
      "name": "GLB-ISIS",
      "provider": "provider[\"registry.terraform.io/ciscodevnet/iosxr\"].SR-R1",
      "instances": [
        {
          "schema_version": 0,
          "attributes": {
            "affinity_maps": null,
            "delete_mode": null,
            "device": null,
            "distribute_link_state_instance_id": null,
            "distribute_link_state_level": 2,
            "distribute_link_state_throttle": null,
            "flex_algos": null,
            "id": "Cisco-IOS-XR-um-router-isis-cfg:/router/isis/processes/process[process-id=1]",
            "interfaces": null,
            "is_type": "level-1",
            "log_adjacency_changes": null,
            "lsp_gen_interval_initial_wait": null,
            "lsp_gen_interval_maximum_wait": null,
            "lsp_gen_interval_secondary_wait": null,
            "lsp_password_keychain": null,
            "lsp_refresh_interval": null,
            "max_lsp_lifetime": null,
            "nets": null,
            "nsf_cisco": null,
            "nsf_ietf": null,
            "nsf_interface_expires": null,
            "nsf_interface_timer": null,
            "nsf_lifetime": null,
            "nsr": null,
            "process_id": "1",
            "set_overload_bit_advertise_external": null,
            "set_overload_bit_advertise_interlevel": null,
            "set_overload_bit_levels": null,
            "set_overload_bit_on_startup_advertise_as_overloaded": null,
            "set_overload_bit_on_startup_advertise_as_overloaded_time_to_advertise": null,
            "set_overload_bit_on_startup_wait_for_bgp": null
          },
          "sensitive_attributes": []
        }
      ]
    },
    {
      "module": "module.sr1",
      "mode": "managed",
      "type": "iosxr_router_isis_address_family",
      "name": "GLB-ISIS-AF",
      "provider": "provider[\"registry.terraform.io/ciscodevnet/iosxr\"].SR-R1",
      "instances": [
        {
          "schema_version": 0,
          "attributes": {
            "advertise_link_attributes": null,
            "advertise_passive_only": null,
            "af_name": "ipv4",
            "default_information_originate": null,
            "delete_mode": null,
            "device": null,
            "fast_reroute_delay_interval": null,
            "fast_reroute_per_link_priority_limit_critical": null,
            "fast_reroute_per_link_priority_limit_high": null,
            "fast_reroute_per_link_priority_limit_medium": null,
            "fast_reroute_per_prefix_priority_limit_critical": null,
            "fast_reroute_per_prefix_priority_limit_high": null,
            "fast_reroute_per_prefix_priority_limit_medium": null,
            "id": "Cisco-IOS-XR-um-router-isis-cfg:/router/isis/processes/process[process-id=1]/address-families/address-family[af-name=ipv4][saf-name=unicast]",
            "maximum_redistributed_prefixes": null,
            "maximum_redistributed_prefixes_levels": null,
            "metric_style_levels": null,
            "metric_style_narrow": null,
            "metric_style_transition": null,
            "metric_style_wide": null,
            "microloop_avoidance_protected": null,
            "microloop_avoidance_segment_routing": null,
            "mpls_ldp_auto_config": null,
            "mpls_traffic_eng_level_1": null,
            "mpls_traffic_eng_level_1_2": null,
            "mpls_traffic_eng_level_2_only": null,
            "mpls_traffic_eng_router_id_interface": null,
            "mpls_traffic_eng_router_id_ip_address": null,
            "process_id": "1",
            "redistribute_isis": null,
            "router_id_interface_name": null,
            "router_id_ip_address": null,
            "saf_name": "unicast",
            "segment_routing_mpls_sr_prefer": true,
            "segment_routing_srv6_locators": null,
            "spf_interval_initial_wait": null,
            "spf_interval_maximum_wait": null,
            "spf_interval_secondary_wait": null,
            "spf_prefix_priorities": null
          },
          "sensitive_attributes": []
        }
      ]
    },
    {
      "module": "module.sr1",
      "mode": "managed",
      "type": "iosxr_router_isis_address_family",
      "name": "GLB-SR-AF",
      "provider": "provider[\"registry.terraform.io/ciscodevnet/iosxr\"].SR-R1",
      "instances": [
        {
          "schema_version": 0,
          "attributes": {
            "advertise_link_attributes": null,
            "advertise_passive_only": null,
            "af_name": "ipv4",
            "default_information_originate": null,
            "delete_mode": null,
            "device": null,
            "fast_reroute_delay_interval": null,
            "fast_reroute_per_link_priority_limit_critical": null,
            "fast_reroute_per_link_priority_limit_high": null,
            "fast_reroute_per_link_priority_limit_medium": null,
            "fast_reroute_per_prefix_priority_limit_critical": null,
            "fast_reroute_per_prefix_priority_limit_high": null,
            "fast_reroute_per_prefix_priority_limit_medium": null,
            "id": "Cisco-IOS-XR-um-router-isis-cfg:/router/isis/processes/process[process-id=1]/address-families/address-family[af-name=ipv4][saf-name=unicast]",
            "maximum_redistributed_prefixes": null,
            "maximum_redistributed_prefixes_levels": null,
            "metric_style_levels": null,
            "metric_style_narrow": null,
            "metric_style_transition": null,
            "metric_style_wide": true,
            "microloop_avoidance_protected": null,
            "microloop_avoidance_segment_routing": null,
            "mpls_ldp_auto_config": null,
            "mpls_traffic_eng_level_1": null,
            "mpls_traffic_eng_level_1_2": null,
            "mpls_traffic_eng_level_2_only": null,
            "mpls_traffic_eng_router_id_interface": null,
            "mpls_traffic_eng_router_id_ip_address": null,
            "process_id": "1",
            "redistribute_isis": null,
            "router_id_interface_name": null,
            "router_id_ip_address": null,
            "saf_name": "unicast",
            "segment_routing_mpls_sr_prefer": null,
            "segment_routing_srv6_locators": null,
            "spf_interval_initial_wait": null,
            "spf_interval_maximum_wait": null,
            "spf_interval_secondary_wait": null,
            "spf_prefix_priorities": null
          },
          "sensitive_attributes": []
        }
      ]
    },
    {
      "module": "module.sr1",
      "mode": "managed",
      "type": "iosxr_router_isis_interface_address_family",
      "name": "GLB-ISIS-AF-Gi1",
      "provider": "provider[\"registry.terraform.io/ciscodevnet/iosxr\"].SR-R1",
      "instances": [
        {
          "schema_version": 0,
          "attributes": {
            "advertise_prefix_route_policy": null,
            "af_name": "ipv4",
            "delete_mode": null,
            "device": null,
            "fast_reroute_per_prefix": null,
            "fast_reroute_per_prefix_levels": null,
            "fast_reroute_per_prefix_ti_lfa": null,
            "id": "Cisco-IOS-XR-um-router-isis-cfg:/router/isis/processes/process[process-id=1]/interfaces/interface[interface-name=GigabitEthernet0/0/0/1]/address-families/address-family[af-name=ipv4][saf-name=unicast]",
            "interface_name": "GigabitEthernet0/0/0/1",
            "metric": null,
            "metric_levels": null,
            "metric_maximum": null,
            "prefix_sid_absolute": null,
            "prefix_sid_index": null,
            "prefix_sid_n_flag_clear": null,
            "prefix_sid_strict_spf_absolute": null,
            "process_id": "1",
            "saf_name": "unicast",
            "tag": null
          },
          "sensitive_attributes": []
        }
      ]
    },
    {
      "module": "module.sr1",
      "mode": "managed",
      "type": "iosxr_router_isis_interface_address_family",
      "name": "GLB-ISIS-AF-Gi2",
      "provider": "provider[\"registry.terraform.io/ciscodevnet/iosxr\"].SR-R1",
      "instances": [
        {
          "schema_version": 0,
          "attributes": {
            "advertise_prefix_route_policy": null,
            "af_name": "ipv4",
            "delete_mode": null,
            "device": null,
            "fast_reroute_per_prefix": null,
            "fast_reroute_per_prefix_levels": null,
            "fast_reroute_per_prefix_ti_lfa": null,
            "id": "Cisco-IOS-XR-um-router-isis-cfg:/router/isis/processes/process[process-id=1]/interfaces/interface[interface-name=GigabitEthernet0/0/0/2]/address-families/address-family[af-name=ipv4][saf-name=unicast]",
            "interface_name": "GigabitEthernet0/0/0/2",
            "metric": null,
            "metric_levels": null,
            "metric_maximum": null,
            "prefix_sid_absolute": null,
            "prefix_sid_index": null,
            "prefix_sid_n_flag_clear": null,
            "prefix_sid_strict_spf_absolute": null,
            "process_id": "1",
            "saf_name": "unicast",
            "tag": null
          },
          "sensitive_attributes": []
        }
      ]
    },
    {
      "module": "module.sr1",
      "mode": "managed",
      "type": "iosxr_segment_routing",
      "name": "GLB-SR",
      "provider": "provider[\"registry.terraform.io/ciscodevnet/iosxr\"].SR-R1",
      "instances": [
        {
          "schema_version": 0,
          "attributes": {
            "delete_mode": null,
            "device": null,
            "global_block_lower_bound": 16000,
            "global_block_upper_bound": 29999,
            "id": "Cisco-IOS-XR-segment-routing-ms-cfg:/sr",
            "local_block_lower_bound": 15000,
            "local_block_upper_bound": 15999
          },
          "sensitive_attributes": []
        }
      ]
    },
    {
      "module": "module.sr2",
      "mode": "managed",
      "type": "iosxr_interface",
      "name": "GLB-INT-Gi0",
      "provider": "provider[\"registry.terraform.io/ciscodevnet/iosxr\"].SR-R2",
      "instances": [
        {
          "schema_version": 0,
          "attributes": {
            "bandwidth": null,
            "bfd_mode_ietf": null,
            "bundle_id": null,
            "bundle_id_mode": null,
            "bundle_load_balancing_hash_dst_ip": null,
            "bundle_load_balancing_hash_src_ip": null,
            "bundle_maximum_active_links": null,
            "bundle_minimum_active_links": null,
            "bundle_port_priority": null,
            "bundle_shutdown": null,
            "cdp": null,
            "dampening_decay_half_life_value": null,
            "delete_mode": null,
            "description": null,
            "device": null,
            "encapsulation_dot1q_vlan_id": null,
            "flow_ipv4_egress_monitor_samplers": null,
            "flow_ipv4_egress_monitors": null,
            "flow_ipv4_ingress_monitor_samplers": null,
            "flow_ipv4_ingress_monitors": null,
            "flow_ipv6_egress_monitor_samplers": null,
            "flow_ipv6_egress_monitors": null,
            "flow_ipv6_ingress_monitor_samplers": null,
            "flow_ipv6_ingress_monitors": null,
            "id": "Cisco-IOS-XR-um-interface-cfg:/interfaces/interface[interface-name=GigabitEthernet0/0/0/0]",
            "interface_name": "GigabitEthernet0/0/0/0",
            "ipv4_access_group_egress_acl": null,
            "ipv4_access_group_egress_compress_level": null,
            "ipv4_access_group_egress_hardware_count": null,
            "ipv4_access_group_egress_interface_statistics": null,
            "ipv4_access_group_ingress_acl1": null,
            "ipv4_access_group_ingress_compress_level": null,
            "ipv4_access_group_ingress_hardware_count": null,
            "ipv4_access_group_ingress_interface_statistics": null,
            "ipv4_address": null,
            "ipv4_netmask": null,
            "ipv4_point_to_point": true,
            "ipv4_verify_unicast_source_reachable_via_allow_default": null,
            "ipv4_verify_unicast_source_reachable_via_allow_self_ping": null,
            "ipv4_verify_unicast_source_reachable_via_type": null,
            "ipv6_access_group_egress_acl1": null,
            "ipv6_access_group_egress_compress_level": null,
            "ipv6_access_group_egress_interface_statistics": null,
            "ipv6_access_group_ingress_acl1": null,
            "ipv6_access_group_ingress_compress_level": null,
            "ipv6_access_group_ingress_interface_statistics": null,
            "ipv6_addresses": null,
            "ipv6_autoconfig": null,
            "ipv6_enable": null,
            "ipv6_link_local_address": null,
            "ipv6_link_local_zone": null,
            "ipv6_verify_unicast_source_reachable_via_allow_default": null,
            "ipv6_verify_unicast_source_reachable_via_allow_self_ping": null,
            "ipv6_verify_unicast_source_reachable_via_type": null,
            "l2transport": null,
            "l2transport_encapsulation_dot1q_second_dot1q": null,
            "l2transport_encapsulation_dot1q_vlan_id": null,
            "load_interval": null,
            "mtu": null,
            "multipoint": null,
            "point_to_point": null,
            "rewrite_ingress_tag_pop_one": null,
            "rewrite_ingress_tag_pop_two": null,
            "service_policy_input": null,
            "service_policy_output": null,
            "shutdown": false,
            "unnumbered": null,
            "vrf": null
          },
          "sensitive_attributes": []
        }
      ]
    },
    {
      "module": "module.sr2",
      "mode": "managed",
      "type": "iosxr_interface",
      "name": "GLB-INT-Gi1",
      "provider": "provider[\"registry.terraform.io/ciscodevnet/iosxr\"].SR-R2",
      "instances": [
        {
          "schema_version": 0,
          "attributes": {
            "bandwidth": null,
            "bfd_mode_ietf": null,
            "bundle_id": null,
            "bundle_id_mode": null,
            "bundle_load_balancing_hash_dst_ip": null,
            "bundle_load_balancing_hash_src_ip": null,
            "bundle_maximum_active_links": null,
            "bundle_minimum_active_links": null,
            "bundle_port_priority": null,
            "bundle_shutdown": null,
            "cdp": null,
            "dampening_decay_half_life_value": null,
            "delete_mode": null,
            "description": null,
            "device": null,
            "encapsulation_dot1q_vlan_id": null,
            "flow_ipv4_egress_monitor_samplers": null,
            "flow_ipv4_egress_monitors": null,
            "flow_ipv4_ingress_monitor_samplers": null,
            "flow_ipv4_ingress_monitors": null,
            "flow_ipv6_egress_monitor_samplers": null,
            "flow_ipv6_egress_monitors": null,
            "flow_ipv6_ingress_monitor_samplers": null,
            "flow_ipv6_ingress_monitors": null,
            "id": "Cisco-IOS-XR-um-interface-cfg:/interfaces/interface[interface-name=GigabitEthernet0/0/0/1]",
            "interface_name": "GigabitEthernet0/0/0/1",
            "ipv4_access_group_egress_acl": null,
            "ipv4_access_group_egress_compress_level": null,
            "ipv4_access_group_egress_hardware_count": null,
            "ipv4_access_group_egress_interface_statistics": null,
            "ipv4_access_group_ingress_acl1": null,
            "ipv4_access_group_ingress_compress_level": null,
            "ipv4_access_group_ingress_hardware_count": null,
            "ipv4_access_group_ingress_interface_statistics": null,
            "ipv4_address": null,
            "ipv4_netmask": null,
            "ipv4_point_to_point": true,
            "ipv4_verify_unicast_source_reachable_via_allow_default": null,
            "ipv4_verify_unicast_source_reachable_via_allow_self_ping": null,
            "ipv4_verify_unicast_source_reachable_via_type": null,
            "ipv6_access_group_egress_acl1": null,
            "ipv6_access_group_egress_compress_level": null,
            "ipv6_access_group_egress_interface_statistics": null,
            "ipv6_access_group_ingress_acl1": null,
            "ipv6_access_group_ingress_compress_level": null,
            "ipv6_access_group_ingress_interface_statistics": null,
            "ipv6_addresses": null,
            "ipv6_autoconfig": null,
            "ipv6_enable": null,
            "ipv6_link_local_address": null,
            "ipv6_link_local_zone": null,
            "ipv6_verify_unicast_source_reachable_via_allow_default": null,
            "ipv6_verify_unicast_source_reachable_via_allow_self_ping": null,
            "ipv6_verify_unicast_source_reachable_via_type": null,
            "l2transport": null,
            "l2transport_encapsulation_dot1q_second_dot1q": null,
            "l2transport_encapsulation_dot1q_vlan_id": null,
            "load_interval": null,
            "mtu": null,
            "multipoint": null,
            "point_to_point": null,
            "rewrite_ingress_tag_pop_one": null,
            "rewrite_ingress_tag_pop_two": null,
            "service_policy_input": null,
            "service_policy_output": null,
            "shutdown": false,
            "unnumbered": null,
            "vrf": null
          },
          "sensitive_attributes": []
        }
      ]
    },
    {
      "module": "module.sr2",
      "mode": "managed",
      "type": "iosxr_interface",
      "name": "GLB-INT-Gi2",
      "provider": "provider[\"registry.terraform.io/ciscodevnet/iosxr\"].SR-R2",
      "instances": [
        {
          "schema_version": 0,
          "attributes": {
            "bandwidth": null,
            "bfd_mode_ietf": null,
            "bundle_id": null,
            "bundle_id_mode": null,
            "bundle_load_balancing_hash_dst_ip": null,
            "bundle_load_balancing_hash_src_ip": null,
            "bundle_maximum_active_links": null,
            "bundle_minimum_active_links": null,
            "bundle_port_priority": null,
            "bundle_shutdown": null,
            "cdp": null,
            "dampening_decay_half_life_value": null,
            "delete_mode": null,
            "description": null,
            "device": null,
            "encapsulation_dot1q_vlan_id": null,
            "flow_ipv4_egress_monitor_samplers": null,
            "flow_ipv4_egress_monitors": null,
            "flow_ipv4_ingress_monitor_samplers": null,
            "flow_ipv4_ingress_monitors": null,
            "flow_ipv6_egress_monitor_samplers": null,
            "flow_ipv6_egress_monitors": null,
            "flow_ipv6_ingress_monitor_samplers": null,
            "flow_ipv6_ingress_monitors": null,
            "id": "Cisco-IOS-XR-um-interface-cfg:/interfaces/interface[interface-name=GigabitEthernet0/0/0/2]",
            "interface_name": "GigabitEthernet0/0/0/2",
            "ipv4_access_group_egress_acl": null,
            "ipv4_access_group_egress_compress_level": null,
            "ipv4_access_group_egress_hardware_count": null,
            "ipv4_access_group_egress_interface_statistics": null,
            "ipv4_access_group_ingress_acl1": null,
            "ipv4_access_group_ingress_compress_level": null,
            "ipv4_access_group_ingress_hardware_count": null,
            "ipv4_access_group_ingress_interface_statistics": null,
            "ipv4_address": null,
            "ipv4_netmask": null,
            "ipv4_point_to_point": true,
            "ipv4_verify_unicast_source_reachable_via_allow_default": null,
            "ipv4_verify_unicast_source_reachable_via_allow_self_ping": null,
            "ipv4_verify_unicast_source_reachable_via_type": null,
            "ipv6_access_group_egress_acl1": null,
            "ipv6_access_group_egress_compress_level": null,
            "ipv6_access_group_egress_interface_statistics": null,
            "ipv6_access_group_ingress_acl1": null,
            "ipv6_access_group_ingress_compress_level": null,
            "ipv6_access_group_ingress_interface_statistics": null,
            "ipv6_addresses": null,
            "ipv6_autoconfig": null,
            "ipv6_enable": null,
            "ipv6_link_local_address": null,
            "ipv6_link_local_zone": null,
            "ipv6_verify_unicast_source_reachable_via_allow_default": null,
            "ipv6_verify_unicast_source_reachable_via_allow_self_ping": null,
            "ipv6_verify_unicast_source_reachable_via_type": null,
            "l2transport": null,
            "l2transport_encapsulation_dot1q_second_dot1q": null,
            "l2transport_encapsulation_dot1q_vlan_id": null,
            "load_interval": null,
            "mtu": null,
            "multipoint": null,
            "point_to_point": null,
            "rewrite_ingress_tag_pop_one": null,
            "rewrite_ingress_tag_pop_two": null,
            "service_policy_input": null,
            "service_policy_output": null,
            "shutdown": false,
            "unnumbered": null,
            "vrf": null
          },
          "sensitive_attributes": []
        }
      ]
    },
    {
      "module": "module.sr2",
      "mode": "managed",
      "type": "iosxr_interface",
      "name": "GLB-INT-Gi3",
      "provider": "provider[\"registry.terraform.io/ciscodevnet/iosxr\"].SR-R2",
      "instances": [
        {
          "schema_version": 0,
          "attributes": {
            "bandwidth": null,
            "bfd_mode_ietf": null,
            "bundle_id": null,
            "bundle_id_mode": null,
            "bundle_load_balancing_hash_dst_ip": null,
            "bundle_load_balancing_hash_src_ip": null,
            "bundle_maximum_active_links": null,
            "bundle_minimum_active_links": null,
            "bundle_port_priority": null,
            "bundle_shutdown": null,
            "cdp": null,
            "dampening_decay_half_life_value": null,
            "delete_mode": null,
            "description": null,
            "device": null,
            "encapsulation_dot1q_vlan_id": null,
            "flow_ipv4_egress_monitor_samplers": null,
            "flow_ipv4_egress_monitors": null,
            "flow_ipv4_ingress_monitor_samplers": null,
            "flow_ipv4_ingress_monitors": null,
            "flow_ipv6_egress_monitor_samplers": null,
            "flow_ipv6_egress_monitors": null,
            "flow_ipv6_ingress_monitor_samplers": null,
            "flow_ipv6_ingress_monitors": null,
            "id": "Cisco-IOS-XR-um-interface-cfg:/interfaces/interface[interface-name=GigabitEthernet0/0/0/3]",
            "interface_name": "GigabitEthernet0/0/0/3",
            "ipv4_access_group_egress_acl": null,
            "ipv4_access_group_egress_compress_level": null,
            "ipv4_access_group_egress_hardware_count": null,
            "ipv4_access_group_egress_interface_statistics": null,
            "ipv4_access_group_ingress_acl1": null,
            "ipv4_access_group_ingress_compress_level": null,
            "ipv4_access_group_ingress_hardware_count": null,
            "ipv4_access_group_ingress_interface_statistics": null,
            "ipv4_address": null,
            "ipv4_netmask": null,
            "ipv4_point_to_point": true,
            "ipv4_verify_unicast_source_reachable_via_allow_default": null,
            "ipv4_verify_unicast_source_reachable_via_allow_self_ping": null,
            "ipv4_verify_unicast_source_reachable_via_type": null,
            "ipv6_access_group_egress_acl1": null,
            "ipv6_access_group_egress_compress_level": null,
            "ipv6_access_group_egress_interface_statistics": null,
            "ipv6_access_group_ingress_acl1": null,
            "ipv6_access_group_ingress_compress_level": null,
            "ipv6_access_group_ingress_interface_statistics": null,
            "ipv6_addresses": null,
            "ipv6_autoconfig": null,
            "ipv6_enable": null,
            "ipv6_link_local_address": null,
            "ipv6_link_local_zone": null,
            "ipv6_verify_unicast_source_reachable_via_allow_default": null,
            "ipv6_verify_unicast_source_reachable_via_allow_self_ping": null,
            "ipv6_verify_unicast_source_reachable_via_type": null,
            "l2transport": null,
            "l2transport_encapsulation_dot1q_second_dot1q": null,
            "l2transport_encapsulation_dot1q_vlan_id": null,
            "load_interval": null,
            "mtu": null,
            "multipoint": null,
            "point_to_point": null,
            "rewrite_ingress_tag_pop_one": null,
            "rewrite_ingress_tag_pop_two": null,
            "service_policy_input": null,
            "service_policy_output": null,
            "shutdown": false,
            "unnumbered": null,
            "vrf": null
          },
          "sensitive_attributes": []
        }
      ]
    },
    {
      "module": "module.sr2",
      "mode": "managed",
      "type": "iosxr_router_isis",
      "name": "GLB-ISIS",
      "provider": "provider[\"registry.terraform.io/ciscodevnet/iosxr\"].SR-R2",
      "instances": [
        {
          "schema_version": 0,
          "attributes": {
            "affinity_maps": null,
            "delete_mode": null,
            "device": null,
            "distribute_link_state_instance_id": null,
            "distribute_link_state_level": 2,
            "distribute_link_state_throttle": null,
            "flex_algos": null,
            "id": "Cisco-IOS-XR-um-router-isis-cfg:/router/isis/processes/process[process-id=1]",
            "interfaces": null,
            "is_type": "level-1",
            "log_adjacency_changes": null,
            "lsp_gen_interval_initial_wait": null,
            "lsp_gen_interval_maximum_wait": null,
            "lsp_gen_interval_secondary_wait": null,
            "lsp_password_keychain": null,
            "lsp_refresh_interval": null,
            "max_lsp_lifetime": null,
            "nets": null,
            "nsf_cisco": null,
            "nsf_ietf": null,
            "nsf_interface_expires": null,
            "nsf_interface_timer": null,
            "nsf_lifetime": null,
            "nsr": null,
            "process_id": "1",
            "set_overload_bit_advertise_external": null,
            "set_overload_bit_advertise_interlevel": null,
            "set_overload_bit_levels": null,
            "set_overload_bit_on_startup_advertise_as_overloaded": null,
            "set_overload_bit_on_startup_advertise_as_overloaded_time_to_advertise": null,
            "set_overload_bit_on_startup_wait_for_bgp": null
          },
          "sensitive_attributes": []
        }
      ]
    },
    {
      "module": "module.sr2",
      "mode": "managed",
      "type": "iosxr_router_isis_address_family",
      "name": "GLB-ISIS-AF",
      "provider": "provider[\"registry.terraform.io/ciscodevnet/iosxr\"].SR-R2",
      "instances": [
        {
          "schema_version": 0,
          "attributes": {
            "advertise_link_attributes": null,
            "advertise_passive_only": null,
            "af_name": "ipv4",
            "default_information_originate": null,
            "delete_mode": null,
            "device": null,
            "fast_reroute_delay_interval": null,
            "fast_reroute_per_link_priority_limit_critical": null,
            "fast_reroute_per_link_priority_limit_high": null,
            "fast_reroute_per_link_priority_limit_medium": null,
            "fast_reroute_per_prefix_priority_limit_critical": null,
            "fast_reroute_per_prefix_priority_limit_high": null,
            "fast_reroute_per_prefix_priority_limit_medium": null,
            "id": "Cisco-IOS-XR-um-router-isis-cfg:/router/isis/processes/process[process-id=1]/address-families/address-family[af-name=ipv4][saf-name=unicast]",
            "maximum_redistributed_prefixes": null,
            "maximum_redistributed_prefixes_levels": null,
            "metric_style_levels": null,
            "metric_style_narrow": null,
            "metric_style_transition": null,
            "metric_style_wide": null,
            "microloop_avoidance_protected": null,
            "microloop_avoidance_segment_routing": null,
            "mpls_ldp_auto_config": null,
            "mpls_traffic_eng_level_1": null,
            "mpls_traffic_eng_level_1_2": null,
            "mpls_traffic_eng_level_2_only": null,
            "mpls_traffic_eng_router_id_interface": null,
            "mpls_traffic_eng_router_id_ip_address": null,
            "process_id": "1",
            "redistribute_isis": null,
            "router_id_interface_name": null,
            "router_id_ip_address": null,
            "saf_name": "unicast",
            "segment_routing_mpls_sr_prefer": true,
            "segment_routing_srv6_locators": null,
            "spf_interval_initial_wait": null,
            "spf_interval_maximum_wait": null,
            "spf_interval_secondary_wait": null,
            "spf_prefix_priorities": null
          },
          "sensitive_attributes": []
        }
      ]
    },
    {
      "module": "module.sr2",
      "mode": "managed",
      "type": "iosxr_router_isis_address_family",
      "name": "GLB-SR-AF",
      "provider": "provider[\"registry.terraform.io/ciscodevnet/iosxr\"].SR-R2",
      "instances": [
        {
          "schema_version": 0,
          "attributes": {
            "advertise_link_attributes": null,
            "advertise_passive_only": null,
            "af_name": "ipv4",
            "default_information_originate": null,
            "delete_mode": null,
            "device": null,
            "fast_reroute_delay_interval": null,
            "fast_reroute_per_link_priority_limit_critical": null,
            "fast_reroute_per_link_priority_limit_high": null,
            "fast_reroute_per_link_priority_limit_medium": null,
            "fast_reroute_per_prefix_priority_limit_critical": null,
            "fast_reroute_per_prefix_priority_limit_high": null,
            "fast_reroute_per_prefix_priority_limit_medium": null,
            "id": "Cisco-IOS-XR-um-router-isis-cfg:/router/isis/processes/process[process-id=1]/address-families/address-family[af-name=ipv4][saf-name=unicast]",
            "maximum_redistributed_prefixes": null,
            "maximum_redistributed_prefixes_levels": null,
            "metric_style_levels": null,
            "metric_style_narrow": null,
            "metric_style_transition": null,
            "metric_style_wide": true,
            "microloop_avoidance_protected": null,
            "microloop_avoidance_segment_routing": null,
            "mpls_ldp_auto_config": null,
            "mpls_traffic_eng_level_1": null,
            "mpls_traffic_eng_level_1_2": null,
            "mpls_traffic_eng_level_2_only": null,
            "mpls_traffic_eng_router_id_interface": null,
            "mpls_traffic_eng_router_id_ip_address": null,
            "process_id": "1",
            "redistribute_isis": null,
            "router_id_interface_name": null,
            "router_id_ip_address": null,
            "saf_name": "unicast",
            "segment_routing_mpls_sr_prefer": null,
            "segment_routing_srv6_locators": null,
            "spf_interval_initial_wait": null,
            "spf_interval_maximum_wait": null,
            "spf_interval_secondary_wait": null,
            "spf_prefix_priorities": null
          },
          "sensitive_attributes": []
        }
      ]
    },
    {
      "module": "module.sr2",
      "mode": "managed",
      "type": "iosxr_router_isis_interface_address_family",
      "name": "GLB-ISIS-AF-Gi1",
      "provider": "provider[\"registry.terraform.io/ciscodevnet/iosxr\"].SR-R2",
      "instances": [
        {
          "schema_version": 0,
          "attributes": {
            "advertise_prefix_route_policy": null,
            "af_name": "ipv4",
            "delete_mode": null,
            "device": null,
            "fast_reroute_per_prefix": null,
            "fast_reroute_per_prefix_levels": null,
            "fast_reroute_per_prefix_ti_lfa": null,
            "id": "Cisco-IOS-XR-um-router-isis-cfg:/router/isis/processes/process[process-id=1]/interfaces/interface[interface-name=GigabitEthernet0/0/0/1]/address-families/address-family[af-name=ipv4][saf-name=unicast]",
            "interface_name": "GigabitEthernet0/0/0/1",
            "metric": null,
            "metric_levels": null,
            "metric_maximum": null,
            "prefix_sid_absolute": null,
            "prefix_sid_index": null,
            "prefix_sid_n_flag_clear": null,
            "prefix_sid_strict_spf_absolute": null,
            "process_id": "1",
            "saf_name": "unicast",
            "tag": null
          },
          "sensitive_attributes": []
        }
      ]
    },
    {
      "module": "module.sr2",
      "mode": "managed",
      "type": "iosxr_router_isis_interface_address_family",
      "name": "GLB-ISIS-AF-Gi2",
      "provider": "provider[\"registry.terraform.io/ciscodevnet/iosxr\"].SR-R2",
      "instances": [
        {
          "schema_version": 0,
          "attributes": {
            "advertise_prefix_route_policy": null,
            "af_name": "ipv4",
            "delete_mode": null,
            "device": null,
            "fast_reroute_per_prefix": null,
            "fast_reroute_per_prefix_levels": null,
            "fast_reroute_per_prefix_ti_lfa": null,
            "id": "Cisco-IOS-XR-um-router-isis-cfg:/router/isis/processes/process[process-id=1]/interfaces/interface[interface-name=GigabitEthernet0/0/0/2]/address-families/address-family[af-name=ipv4][saf-name=unicast]",
            "interface_name": "GigabitEthernet0/0/0/2",
            "metric": null,
            "metric_levels": null,
            "metric_maximum": null,
            "prefix_sid_absolute": null,
            "prefix_sid_index": null,
            "prefix_sid_n_flag_clear": null,
            "prefix_sid_strict_spf_absolute": null,
            "process_id": "1",
            "saf_name": "unicast",
            "tag": null
          },
          "sensitive_attributes": []
        }
      ]
    },
    {
      "module": "module.sr2",
      "mode": "managed",
      "type": "iosxr_segment_routing",
      "name": "GLB-SR",
      "provider": "provider[\"registry.terraform.io/ciscodevnet/iosxr\"].SR-R2",
      "instances": [
        {
          "schema_version": 0,
          "attributes": {
            "delete_mode": null,
            "device": null,
            "global_block_lower_bound": 16000,
            "global_block_upper_bound": 29999,
            "id": "Cisco-IOS-XR-segment-routing-ms-cfg:/sr",
            "local_block_lower_bound": 15000,
            "local_block_upper_bound": 15999
          },
          "sensitive_attributes": []
        }
      ]
    },
    {
      "module": "module.sr3",
      "mode": "managed",
      "type": "iosxr_interface",
      "name": "GLB-INT-Gi0",
      "provider": "provider[\"registry.terraform.io/ciscodevnet/iosxr\"].SR-R3",
      "instances": [
        {
          "schema_version": 0,
          "attributes": {
            "bandwidth": null,
            "bfd_mode_ietf": null,
            "bundle_id": null,
            "bundle_id_mode": null,
            "bundle_load_balancing_hash_dst_ip": null,
            "bundle_load_balancing_hash_src_ip": null,
            "bundle_maximum_active_links": null,
            "bundle_minimum_active_links": null,
            "bundle_port_priority": null,
            "bundle_shutdown": null,
            "cdp": null,
            "dampening_decay_half_life_value": null,
            "delete_mode": null,
            "description": null,
            "device": null,
            "encapsulation_dot1q_vlan_id": null,
            "flow_ipv4_egress_monitor_samplers": null,
            "flow_ipv4_egress_monitors": null,
            "flow_ipv4_ingress_monitor_samplers": null,
            "flow_ipv4_ingress_monitors": null,
            "flow_ipv6_egress_monitor_samplers": null,
            "flow_ipv6_egress_monitors": null,
            "flow_ipv6_ingress_monitor_samplers": null,
            "flow_ipv6_ingress_monitors": null,
            "id": "Cisco-IOS-XR-um-interface-cfg:/interfaces/interface[interface-name=GigabitEthernet0/0/0/0]",
            "interface_name": "GigabitEthernet0/0/0/0",
            "ipv4_access_group_egress_acl": null,
            "ipv4_access_group_egress_compress_level": null,
            "ipv4_access_group_egress_hardware_count": null,
            "ipv4_access_group_egress_interface_statistics": null,
            "ipv4_access_group_ingress_acl1": null,
            "ipv4_access_group_ingress_compress_level": null,
            "ipv4_access_group_ingress_hardware_count": null,
            "ipv4_access_group_ingress_interface_statistics": null,
            "ipv4_address": null,
            "ipv4_netmask": null,
            "ipv4_point_to_point": true,
            "ipv4_verify_unicast_source_reachable_via_allow_default": null,
            "ipv4_verify_unicast_source_reachable_via_allow_self_ping": null,
            "ipv4_verify_unicast_source_reachable_via_type": null,
            "ipv6_access_group_egress_acl1": null,
            "ipv6_access_group_egress_compress_level": null,
            "ipv6_access_group_egress_interface_statistics": null,
            "ipv6_access_group_ingress_acl1": null,
            "ipv6_access_group_ingress_compress_level": null,
            "ipv6_access_group_ingress_interface_statistics": null,
            "ipv6_addresses": null,
            "ipv6_autoconfig": null,
            "ipv6_enable": null,
            "ipv6_link_local_address": null,
            "ipv6_link_local_zone": null,
            "ipv6_verify_unicast_source_reachable_via_allow_default": null,
            "ipv6_verify_unicast_source_reachable_via_allow_self_ping": null,
            "ipv6_verify_unicast_source_reachable_via_type": null,
            "l2transport": null,
            "l2transport_encapsulation_dot1q_second_dot1q": null,
            "l2transport_encapsulation_dot1q_vlan_id": null,
            "load_interval": null,
            "mtu": null,
            "multipoint": null,
            "point_to_point": null,
            "rewrite_ingress_tag_pop_one": null,
            "rewrite_ingress_tag_pop_two": null,
            "service_policy_input": null,
            "service_policy_output": null,
            "shutdown": false,
            "unnumbered": null,
            "vrf": null
          },
          "sensitive_attributes": []
        }
      ]
    },
    {
      "module": "module.sr3",
      "mode": "managed",
      "type": "iosxr_interface",
      "name": "GLB-INT-Gi1",
      "provider": "provider[\"registry.terraform.io/ciscodevnet/iosxr\"].SR-R3",
      "instances": [
        {
          "schema_version": 0,
          "attributes": {
            "bandwidth": null,
            "bfd_mode_ietf": null,
            "bundle_id": null,
            "bundle_id_mode": null,
            "bundle_load_balancing_hash_dst_ip": null,
            "bundle_load_balancing_hash_src_ip": null,
            "bundle_maximum_active_links": null,
            "bundle_minimum_active_links": null,
            "bundle_port_priority": null,
            "bundle_shutdown": null,
            "cdp": null,
            "dampening_decay_half_life_value": null,
            "delete_mode": null,
            "description": null,
            "device": null,
            "encapsulation_dot1q_vlan_id": null,
            "flow_ipv4_egress_monitor_samplers": null,
            "flow_ipv4_egress_monitors": null,
            "flow_ipv4_ingress_monitor_samplers": null,
            "flow_ipv4_ingress_monitors": null,
            "flow_ipv6_egress_monitor_samplers": null,
            "flow_ipv6_egress_monitors": null,
            "flow_ipv6_ingress_monitor_samplers": null,
            "flow_ipv6_ingress_monitors": null,
            "id": "Cisco-IOS-XR-um-interface-cfg:/interfaces/interface[interface-name=GigabitEthernet0/0/0/1]",
            "interface_name": "GigabitEthernet0/0/0/1",
            "ipv4_access_group_egress_acl": null,
            "ipv4_access_group_egress_compress_level": null,
            "ipv4_access_group_egress_hardware_count": null,
            "ipv4_access_group_egress_interface_statistics": null,
            "ipv4_access_group_ingress_acl1": null,
            "ipv4_access_group_ingress_compress_level": null,
            "ipv4_access_group_ingress_hardware_count": null,
            "ipv4_access_group_ingress_interface_statistics": null,
            "ipv4_address": null,
            "ipv4_netmask": null,
            "ipv4_point_to_point": true,
            "ipv4_verify_unicast_source_reachable_via_allow_default": null,
            "ipv4_verify_unicast_source_reachable_via_allow_self_ping": null,
            "ipv4_verify_unicast_source_reachable_via_type": null,
            "ipv6_access_group_egress_acl1": null,
            "ipv6_access_group_egress_compress_level": null,
            "ipv6_access_group_egress_interface_statistics": null,
            "ipv6_access_group_ingress_acl1": null,
            "ipv6_access_group_ingress_compress_level": null,
            "ipv6_access_group_ingress_interface_statistics": null,
            "ipv6_addresses": null,
            "ipv6_autoconfig": null,
            "ipv6_enable": null,
            "ipv6_link_local_address": null,
            "ipv6_link_local_zone": null,
            "ipv6_verify_unicast_source_reachable_via_allow_default": null,
            "ipv6_verify_unicast_source_reachable_via_allow_self_ping": null,
            "ipv6_verify_unicast_source_reachable_via_type": null,
            "l2transport": null,
            "l2transport_encapsulation_dot1q_second_dot1q": null,
            "l2transport_encapsulation_dot1q_vlan_id": null,
            "load_interval": null,
            "mtu": null,
            "multipoint": null,
            "point_to_point": null,
            "rewrite_ingress_tag_pop_one": null,
            "rewrite_ingress_tag_pop_two": null,
            "service_policy_input": null,
            "service_policy_output": null,
            "shutdown": false,
            "unnumbered": null,
            "vrf": null
          },
          "sensitive_attributes": []
        }
      ]
    },
    {
      "module": "module.sr3",
      "mode": "managed",
      "type": "iosxr_interface",
      "name": "GLB-INT-Gi2",
      "provider": "provider[\"registry.terraform.io/ciscodevnet/iosxr\"].SR-R3",
      "instances": [
        {
          "schema_version": 0,
          "attributes": {
            "bandwidth": null,
            "bfd_mode_ietf": null,
            "bundle_id": null,
            "bundle_id_mode": null,
            "bundle_load_balancing_hash_dst_ip": null,
            "bundle_load_balancing_hash_src_ip": null,
            "bundle_maximum_active_links": null,
            "bundle_minimum_active_links": null,
            "bundle_port_priority": null,
            "bundle_shutdown": null,
            "cdp": null,
            "dampening_decay_half_life_value": null,
            "delete_mode": null,
            "description": null,
            "device": null,
            "encapsulation_dot1q_vlan_id": null,
            "flow_ipv4_egress_monitor_samplers": null,
            "flow_ipv4_egress_monitors": null,
            "flow_ipv4_ingress_monitor_samplers": null,
            "flow_ipv4_ingress_monitors": null,
            "flow_ipv6_egress_monitor_samplers": null,
            "flow_ipv6_egress_monitors": null,
            "flow_ipv6_ingress_monitor_samplers": null,
            "flow_ipv6_ingress_monitors": null,
            "id": "Cisco-IOS-XR-um-interface-cfg:/interfaces/interface[interface-name=GigabitEthernet0/0/0/2]",
            "interface_name": "GigabitEthernet0/0/0/2",
            "ipv4_access_group_egress_acl": null,
            "ipv4_access_group_egress_compress_level": null,
            "ipv4_access_group_egress_hardware_count": null,
            "ipv4_access_group_egress_interface_statistics": null,
            "ipv4_access_group_ingress_acl1": null,
            "ipv4_access_group_ingress_compress_level": null,
            "ipv4_access_group_ingress_hardware_count": null,
            "ipv4_access_group_ingress_interface_statistics": null,
            "ipv4_address": null,
            "ipv4_netmask": null,
            "ipv4_point_to_point": true,
            "ipv4_verify_unicast_source_reachable_via_allow_default": null,
            "ipv4_verify_unicast_source_reachable_via_allow_self_ping": null,
            "ipv4_verify_unicast_source_reachable_via_type": null,
            "ipv6_access_group_egress_acl1": null,
            "ipv6_access_group_egress_compress_level": null,
            "ipv6_access_group_egress_interface_statistics": null,
            "ipv6_access_group_ingress_acl1": null,
            "ipv6_access_group_ingress_compress_level": null,
            "ipv6_access_group_ingress_interface_statistics": null,
            "ipv6_addresses": null,
            "ipv6_autoconfig": null,
            "ipv6_enable": null,
            "ipv6_link_local_address": null,
            "ipv6_link_local_zone": null,
            "ipv6_verify_unicast_source_reachable_via_allow_default": null,
            "ipv6_verify_unicast_source_reachable_via_allow_self_ping": null,
            "ipv6_verify_unicast_source_reachable_via_type": null,
            "l2transport": null,
            "l2transport_encapsulation_dot1q_second_dot1q": null,
            "l2transport_encapsulation_dot1q_vlan_id": null,
            "load_interval": null,
            "mtu": null,
            "multipoint": null,
            "point_to_point": null,
            "rewrite_ingress_tag_pop_one": null,
            "rewrite_ingress_tag_pop_two": null,
            "service_policy_input": null,
            "service_policy_output": null,
            "shutdown": false,
            "unnumbered": null,
            "vrf": null
          },
          "sensitive_attributes": []
        }
      ]
    },
    {
      "module": "module.sr3",
      "mode": "managed",
      "type": "iosxr_interface",
      "name": "GLB-INT-Gi3",
      "provider": "provider[\"registry.terraform.io/ciscodevnet/iosxr\"].SR-R3",
      "instances": [
        {
          "schema_version": 0,
          "attributes": {
            "bandwidth": null,
            "bfd_mode_ietf": null,
            "bundle_id": null,
            "bundle_id_mode": null,
            "bundle_load_balancing_hash_dst_ip": null,
            "bundle_load_balancing_hash_src_ip": null,
            "bundle_maximum_active_links": null,
            "bundle_minimum_active_links": null,
            "bundle_port_priority": null,
            "bundle_shutdown": null,
            "cdp": null,
            "dampening_decay_half_life_value": null,
            "delete_mode": null,
            "description": null,
            "device": null,
            "encapsulation_dot1q_vlan_id": null,
            "flow_ipv4_egress_monitor_samplers": null,
            "flow_ipv4_egress_monitors": null,
            "flow_ipv4_ingress_monitor_samplers": null,
            "flow_ipv4_ingress_monitors": null,
            "flow_ipv6_egress_monitor_samplers": null,
            "flow_ipv6_egress_monitors": null,
            "flow_ipv6_ingress_monitor_samplers": null,
            "flow_ipv6_ingress_monitors": null,
            "id": "Cisco-IOS-XR-um-interface-cfg:/interfaces/interface[interface-name=GigabitEthernet0/0/0/3]",
            "interface_name": "GigabitEthernet0/0/0/3",
            "ipv4_access_group_egress_acl": null,
            "ipv4_access_group_egress_compress_level": null,
            "ipv4_access_group_egress_hardware_count": null,
            "ipv4_access_group_egress_interface_statistics": null,
            "ipv4_access_group_ingress_acl1": null,
            "ipv4_access_group_ingress_compress_level": null,
            "ipv4_access_group_ingress_hardware_count": null,
            "ipv4_access_group_ingress_interface_statistics": null,
            "ipv4_address": null,
            "ipv4_netmask": null,
            "ipv4_point_to_point": true,
            "ipv4_verify_unicast_source_reachable_via_allow_default": null,
            "ipv4_verify_unicast_source_reachable_via_allow_self_ping": null,
            "ipv4_verify_unicast_source_reachable_via_type": null,
            "ipv6_access_group_egress_acl1": null,
            "ipv6_access_group_egress_compress_level": null,
            "ipv6_access_group_egress_interface_statistics": null,
            "ipv6_access_group_ingress_acl1": null,
            "ipv6_access_group_ingress_compress_level": null,
            "ipv6_access_group_ingress_interface_statistics": null,
            "ipv6_addresses": null,
            "ipv6_autoconfig": null,
            "ipv6_enable": null,
            "ipv6_link_local_address": null,
            "ipv6_link_local_zone": null,
            "ipv6_verify_unicast_source_reachable_via_allow_default": null,
            "ipv6_verify_unicast_source_reachable_via_allow_self_ping": null,
            "ipv6_verify_unicast_source_reachable_via_type": null,
            "l2transport": null,
            "l2transport_encapsulation_dot1q_second_dot1q": null,
            "l2transport_encapsulation_dot1q_vlan_id": null,
            "load_interval": null,
            "mtu": null,
            "multipoint": null,
            "point_to_point": null,
            "rewrite_ingress_tag_pop_one": null,
            "rewrite_ingress_tag_pop_two": null,
            "service_policy_input": null,
            "service_policy_output": null,
            "shutdown": false,
            "unnumbered": null,
            "vrf": null
          },
          "sensitive_attributes": []
        }
      ]
    },
    {
      "module": "module.sr3",
      "mode": "managed",
      "type": "iosxr_router_isis",
      "name": "GLB-ISIS",
      "provider": "provider[\"registry.terraform.io/ciscodevnet/iosxr\"].SR-R3",
      "instances": [
        {
          "schema_version": 0,
          "attributes": {
            "affinity_maps": null,
            "delete_mode": null,
            "device": null,
            "distribute_link_state_instance_id": null,
            "distribute_link_state_level": 2,
            "distribute_link_state_throttle": null,
            "flex_algos": null,
            "id": "Cisco-IOS-XR-um-router-isis-cfg:/router/isis/processes/process[process-id=1]",
            "interfaces": null,
            "is_type": "level-1",
            "log_adjacency_changes": null,
            "lsp_gen_interval_initial_wait": null,
            "lsp_gen_interval_maximum_wait": null,
            "lsp_gen_interval_secondary_wait": null,
            "lsp_password_keychain": null,
            "lsp_refresh_interval": null,
            "max_lsp_lifetime": null,
            "nets": null,
            "nsf_cisco": null,
            "nsf_ietf": null,
            "nsf_interface_expires": null,
            "nsf_interface_timer": null,
            "nsf_lifetime": null,
            "nsr": null,
            "process_id": "1",
            "set_overload_bit_advertise_external": null,
            "set_overload_bit_advertise_interlevel": null,
            "set_overload_bit_levels": null,
            "set_overload_bit_on_startup_advertise_as_overloaded": null,
            "set_overload_bit_on_startup_advertise_as_overloaded_time_to_advertise": null,
            "set_overload_bit_on_startup_wait_for_bgp": null
          },
          "sensitive_attributes": []
        }
      ]
    },
    {
      "module": "module.sr3",
      "mode": "managed",
      "type": "iosxr_router_isis_address_family",
      "name": "GLB-ISIS-AF",
      "provider": "provider[\"registry.terraform.io/ciscodevnet/iosxr\"].SR-R3",
      "instances": [
        {
          "schema_version": 0,
          "attributes": {
            "advertise_link_attributes": null,
            "advertise_passive_only": null,
            "af_name": "ipv4",
            "default_information_originate": null,
            "delete_mode": null,
            "device": null,
            "fast_reroute_delay_interval": null,
            "fast_reroute_per_link_priority_limit_critical": null,
            "fast_reroute_per_link_priority_limit_high": null,
            "fast_reroute_per_link_priority_limit_medium": null,
            "fast_reroute_per_prefix_priority_limit_critical": null,
            "fast_reroute_per_prefix_priority_limit_high": null,
            "fast_reroute_per_prefix_priority_limit_medium": null,
            "id": "Cisco-IOS-XR-um-router-isis-cfg:/router/isis/processes/process[process-id=1]/address-families/address-family[af-name=ipv4][saf-name=unicast]",
            "maximum_redistributed_prefixes": null,
            "maximum_redistributed_prefixes_levels": null,
            "metric_style_levels": null,
            "metric_style_narrow": null,
            "metric_style_transition": null,
            "metric_style_wide": null,
            "microloop_avoidance_protected": null,
            "microloop_avoidance_segment_routing": null,
            "mpls_ldp_auto_config": null,
            "mpls_traffic_eng_level_1": null,
            "mpls_traffic_eng_level_1_2": null,
            "mpls_traffic_eng_level_2_only": null,
            "mpls_traffic_eng_router_id_interface": null,
            "mpls_traffic_eng_router_id_ip_address": null,
            "process_id": "1",
            "redistribute_isis": null,
            "router_id_interface_name": null,
            "router_id_ip_address": null,
            "saf_name": "unicast",
            "segment_routing_mpls_sr_prefer": true,
            "segment_routing_srv6_locators": null,
            "spf_interval_initial_wait": null,
            "spf_interval_maximum_wait": null,
            "spf_interval_secondary_wait": null,
            "spf_prefix_priorities": null
          },
          "sensitive_attributes": []
        }
      ]
    },
    {
      "module": "module.sr3",
      "mode": "managed",
      "type": "iosxr_router_isis_address_family",
      "name": "GLB-SR-AF",
      "provider": "provider[\"registry.terraform.io/ciscodevnet/iosxr\"].SR-R3",
      "instances": [
        {
          "schema_version": 0,
          "attributes": {
            "advertise_link_attributes": null,
            "advertise_passive_only": null,
            "af_name": "ipv4",
            "default_information_originate": null,
            "delete_mode": null,
            "device": null,
            "fast_reroute_delay_interval": null,
            "fast_reroute_per_link_priority_limit_critical": null,
            "fast_reroute_per_link_priority_limit_high": null,
            "fast_reroute_per_link_priority_limit_medium": null,
            "fast_reroute_per_prefix_priority_limit_critical": null,
            "fast_reroute_per_prefix_priority_limit_high": null,
            "fast_reroute_per_prefix_priority_limit_medium": null,
            "id": "Cisco-IOS-XR-um-router-isis-cfg:/router/isis/processes/process[process-id=1]/address-families/address-family[af-name=ipv4][saf-name=unicast]",
            "maximum_redistributed_prefixes": null,
            "maximum_redistributed_prefixes_levels": null,
            "metric_style_levels": null,
            "metric_style_narrow": null,
            "metric_style_transition": null,
            "metric_style_wide": true,
            "microloop_avoidance_protected": null,
            "microloop_avoidance_segment_routing": null,
            "mpls_ldp_auto_config": null,
            "mpls_traffic_eng_level_1": null,
            "mpls_traffic_eng_level_1_2": null,
            "mpls_traffic_eng_level_2_only": null,
            "mpls_traffic_eng_router_id_interface": null,
            "mpls_traffic_eng_router_id_ip_address": null,
            "process_id": "1",
            "redistribute_isis": null,
            "router_id_interface_name": null,
            "router_id_ip_address": null,
            "saf_name": "unicast",
            "segment_routing_mpls_sr_prefer": null,
            "segment_routing_srv6_locators": null,
            "spf_interval_initial_wait": null,
            "spf_interval_maximum_wait": null,
            "spf_interval_secondary_wait": null,
            "spf_prefix_priorities": null
          },
          "sensitive_attributes": []
        }
      ]
    },
    {
      "module": "module.sr3",
      "mode": "managed",
      "type": "iosxr_router_isis_interface_address_family",
      "name": "GLB-ISIS-AF-Gi1",
      "provider": "provider[\"registry.terraform.io/ciscodevnet/iosxr\"].SR-R3",
      "instances": [
        {
          "schema_version": 0,
          "attributes": {
            "advertise_prefix_route_policy": null,
            "af_name": "ipv4",
            "delete_mode": null,
            "device": null,
            "fast_reroute_per_prefix": null,
            "fast_reroute_per_prefix_levels": null,
            "fast_reroute_per_prefix_ti_lfa": null,
            "id": "Cisco-IOS-XR-um-router-isis-cfg:/router/isis/processes/process[process-id=1]/interfaces/interface[interface-name=GigabitEthernet0/0/0/1]/address-families/address-family[af-name=ipv4][saf-name=unicast]",
            "interface_name": "GigabitEthernet0/0/0/1",
            "metric": null,
            "metric_levels": null,
            "metric_maximum": null,
            "prefix_sid_absolute": null,
            "prefix_sid_index": null,
            "prefix_sid_n_flag_clear": null,
            "prefix_sid_strict_spf_absolute": null,
            "process_id": "1",
            "saf_name": "unicast",
            "tag": null
          },
          "sensitive_attributes": []
        }
      ]
    },
    {
      "module": "module.sr3",
      "mode": "managed",
      "type": "iosxr_router_isis_interface_address_family",
      "name": "GLB-ISIS-AF-Gi2",
      "provider": "provider[\"registry.terraform.io/ciscodevnet/iosxr\"].SR-R3",
      "instances": [
        {
          "schema_version": 0,
          "attributes": {
            "advertise_prefix_route_policy": null,
            "af_name": "ipv4",
            "delete_mode": null,
            "device": null,
            "fast_reroute_per_prefix": null,
            "fast_reroute_per_prefix_levels": null,
            "fast_reroute_per_prefix_ti_lfa": null,
            "id": "Cisco-IOS-XR-um-router-isis-cfg:/router/isis/processes/process[process-id=1]/interfaces/interface[interface-name=GigabitEthernet0/0/0/2]/address-families/address-family[af-name=ipv4][saf-name=unicast]",
            "interface_name": "GigabitEthernet0/0/0/2",
            "metric": null,
            "metric_levels": null,
            "metric_maximum": null,
            "prefix_sid_absolute": null,
            "prefix_sid_index": null,
            "prefix_sid_n_flag_clear": null,
            "prefix_sid_strict_spf_absolute": null,
            "process_id": "1",
            "saf_name": "unicast",
            "tag": null
          },
          "sensitive_attributes": []
        }
      ]
    },
    {
      "module": "module.sr3",
      "mode": "managed",
      "type": "iosxr_segment_routing",
      "name": "GLB-SR",
      "provider": "provider[\"registry.terraform.io/ciscodevnet/iosxr\"].SR-R3",
      "instances": [
        {
          "schema_version": 0,
          "attributes": {
            "delete_mode": null,
            "device": null,
            "global_block_lower_bound": 16000,
            "global_block_upper_bound": 29999,
            "id": "Cisco-IOS-XR-segment-routing-ms-cfg:/sr",
            "local_block_lower_bound": 15000,
            "local_block_upper_bound": 15999
          },
          "sensitive_attributes": []
        }
      ]
    },
    {
      "module": "module.sr4",
      "mode": "managed",
      "type": "iosxr_interface",
      "name": "GLB-INT-Gi0",
      "provider": "provider[\"registry.terraform.io/ciscodevnet/iosxr\"].SR-R4",
      "instances": [
        {
          "schema_version": 0,
          "attributes": {
            "bandwidth": null,
            "bfd_mode_ietf": null,
            "bundle_id": null,
            "bundle_id_mode": null,
            "bundle_load_balancing_hash_dst_ip": null,
            "bundle_load_balancing_hash_src_ip": null,
            "bundle_maximum_active_links": null,
            "bundle_minimum_active_links": null,
            "bundle_port_priority": null,
            "bundle_shutdown": null,
            "cdp": null,
            "dampening_decay_half_life_value": null,
            "delete_mode": null,
            "description": null,
            "device": null,
            "encapsulation_dot1q_vlan_id": null,
            "flow_ipv4_egress_monitor_samplers": null,
            "flow_ipv4_egress_monitors": null,
            "flow_ipv4_ingress_monitor_samplers": null,
            "flow_ipv4_ingress_monitors": null,
            "flow_ipv6_egress_monitor_samplers": null,
            "flow_ipv6_egress_monitors": null,
            "flow_ipv6_ingress_monitor_samplers": null,
            "flow_ipv6_ingress_monitors": null,
            "id": "Cisco-IOS-XR-um-interface-cfg:/interfaces/interface[interface-name=GigabitEthernet0/0/0/0]",
            "interface_name": "GigabitEthernet0/0/0/0",
            "ipv4_access_group_egress_acl": null,
            "ipv4_access_group_egress_compress_level": null,
            "ipv4_access_group_egress_hardware_count": null,
            "ipv4_access_group_egress_interface_statistics": null,
            "ipv4_access_group_ingress_acl1": null,
            "ipv4_access_group_ingress_compress_level": null,
            "ipv4_access_group_ingress_hardware_count": null,
            "ipv4_access_group_ingress_interface_statistics": null,
            "ipv4_address": null,
            "ipv4_netmask": null,
            "ipv4_point_to_point": true,
            "ipv4_verify_unicast_source_reachable_via_allow_default": null,
            "ipv4_verify_unicast_source_reachable_via_allow_self_ping": null,
            "ipv4_verify_unicast_source_reachable_via_type": null,
            "ipv6_access_group_egress_acl1": null,
            "ipv6_access_group_egress_compress_level": null,
            "ipv6_access_group_egress_interface_statistics": null,
            "ipv6_access_group_ingress_acl1": null,
            "ipv6_access_group_ingress_compress_level": null,
            "ipv6_access_group_ingress_interface_statistics": null,
            "ipv6_addresses": null,
            "ipv6_autoconfig": null,
            "ipv6_enable": null,
            "ipv6_link_local_address": null,
            "ipv6_link_local_zone": null,
            "ipv6_verify_unicast_source_reachable_via_allow_default": null,
            "ipv6_verify_unicast_source_reachable_via_allow_self_ping": null,
            "ipv6_verify_unicast_source_reachable_via_type": null,
            "l2transport": null,
            "l2transport_encapsulation_dot1q_second_dot1q": null,
            "l2transport_encapsulation_dot1q_vlan_id": null,
            "load_interval": null,
            "mtu": null,
            "multipoint": null,
            "point_to_point": null,
            "rewrite_ingress_tag_pop_one": null,
            "rewrite_ingress_tag_pop_two": null,
            "service_policy_input": null,
            "service_policy_output": null,
            "shutdown": false,
            "unnumbered": null,
            "vrf": null
          },
          "sensitive_attributes": []
        }
      ]
    },
    {
      "module": "module.sr4",
      "mode": "managed",
      "type": "iosxr_interface",
      "name": "GLB-INT-Gi1",
      "provider": "provider[\"registry.terraform.io/ciscodevnet/iosxr\"].SR-R4",
      "instances": [
        {
          "schema_version": 0,
          "attributes": {
            "bandwidth": null,
            "bfd_mode_ietf": null,
            "bundle_id": null,
            "bundle_id_mode": null,
            "bundle_load_balancing_hash_dst_ip": null,
            "bundle_load_balancing_hash_src_ip": null,
            "bundle_maximum_active_links": null,
            "bundle_minimum_active_links": null,
            "bundle_port_priority": null,
            "bundle_shutdown": null,
            "cdp": null,
            "dampening_decay_half_life_value": null,
            "delete_mode": null,
            "description": null,
            "device": null,
            "encapsulation_dot1q_vlan_id": null,
            "flow_ipv4_egress_monitor_samplers": null,
            "flow_ipv4_egress_monitors": null,
            "flow_ipv4_ingress_monitor_samplers": null,
            "flow_ipv4_ingress_monitors": null,
            "flow_ipv6_egress_monitor_samplers": null,
            "flow_ipv6_egress_monitors": null,
            "flow_ipv6_ingress_monitor_samplers": null,
            "flow_ipv6_ingress_monitors": null,
            "id": "Cisco-IOS-XR-um-interface-cfg:/interfaces/interface[interface-name=GigabitEthernet0/0/0/1]",
            "interface_name": "GigabitEthernet0/0/0/1",
            "ipv4_access_group_egress_acl": null,
            "ipv4_access_group_egress_compress_level": null,
            "ipv4_access_group_egress_hardware_count": null,
            "ipv4_access_group_egress_interface_statistics": null,
            "ipv4_access_group_ingress_acl1": null,
            "ipv4_access_group_ingress_compress_level": null,
            "ipv4_access_group_ingress_hardware_count": null,
            "ipv4_access_group_ingress_interface_statistics": null,
            "ipv4_address": null,
            "ipv4_netmask": null,
            "ipv4_point_to_point": true,
            "ipv4_verify_unicast_source_reachable_via_allow_default": null,
            "ipv4_verify_unicast_source_reachable_via_allow_self_ping": null,
            "ipv4_verify_unicast_source_reachable_via_type": null,
            "ipv6_access_group_egress_acl1": null,
            "ipv6_access_group_egress_compress_level": null,
            "ipv6_access_group_egress_interface_statistics": null,
            "ipv6_access_group_ingress_acl1": null,
            "ipv6_access_group_ingress_compress_level": null,
            "ipv6_access_group_ingress_interface_statistics": null,
            "ipv6_addresses": null,
            "ipv6_autoconfig": null,
            "ipv6_enable": null,
            "ipv6_link_local_address": null,
            "ipv6_link_local_zone": null,
            "ipv6_verify_unicast_source_reachable_via_allow_default": null,
            "ipv6_verify_unicast_source_reachable_via_allow_self_ping": null,
            "ipv6_verify_unicast_source_reachable_via_type": null,
            "l2transport": null,
            "l2transport_encapsulation_dot1q_second_dot1q": null,
            "l2transport_encapsulation_dot1q_vlan_id": null,
            "load_interval": null,
            "mtu": null,
            "multipoint": null,
            "point_to_point": null,
            "rewrite_ingress_tag_pop_one": null,
            "rewrite_ingress_tag_pop_two": null,
            "service_policy_input": null,
            "service_policy_output": null,
            "shutdown": false,
            "unnumbered": null,
            "vrf": null
          },
          "sensitive_attributes": []
        }
      ]
    },
    {
      "module": "module.sr4",
      "mode": "managed",
      "type": "iosxr_interface",
      "name": "GLB-INT-Gi2",
      "provider": "provider[\"registry.terraform.io/ciscodevnet/iosxr\"].SR-R4",
      "instances": [
        {
          "schema_version": 0,
          "attributes": {
            "bandwidth": null,
            "bfd_mode_ietf": null,
            "bundle_id": null,
            "bundle_id_mode": null,
            "bundle_load_balancing_hash_dst_ip": null,
            "bundle_load_balancing_hash_src_ip": null,
            "bundle_maximum_active_links": null,
            "bundle_minimum_active_links": null,
            "bundle_port_priority": null,
            "bundle_shutdown": null,
            "cdp": null,
            "dampening_decay_half_life_value": null,
            "delete_mode": null,
            "description": null,
            "device": null,
            "encapsulation_dot1q_vlan_id": null,
            "flow_ipv4_egress_monitor_samplers": null,
            "flow_ipv4_egress_monitors": null,
            "flow_ipv4_ingress_monitor_samplers": null,
            "flow_ipv4_ingress_monitors": null,
            "flow_ipv6_egress_monitor_samplers": null,
            "flow_ipv6_egress_monitors": null,
            "flow_ipv6_ingress_monitor_samplers": null,
            "flow_ipv6_ingress_monitors": null,
            "id": "Cisco-IOS-XR-um-interface-cfg:/interfaces/interface[interface-name=GigabitEthernet0/0/0/2]",
            "interface_name": "GigabitEthernet0/0/0/2",
            "ipv4_access_group_egress_acl": null,
            "ipv4_access_group_egress_compress_level": null,
            "ipv4_access_group_egress_hardware_count": null,
            "ipv4_access_group_egress_interface_statistics": null,
            "ipv4_access_group_ingress_acl1": null,
            "ipv4_access_group_ingress_compress_level": null,
            "ipv4_access_group_ingress_hardware_count": null,
            "ipv4_access_group_ingress_interface_statistics": null,
            "ipv4_address": null,
            "ipv4_netmask": null,
            "ipv4_point_to_point": true,
            "ipv4_verify_unicast_source_reachable_via_allow_default": null,
            "ipv4_verify_unicast_source_reachable_via_allow_self_ping": null,
            "ipv4_verify_unicast_source_reachable_via_type": null,
            "ipv6_access_group_egress_acl1": null,
            "ipv6_access_group_egress_compress_level": null,
            "ipv6_access_group_egress_interface_statistics": null,
            "ipv6_access_group_ingress_acl1": null,
            "ipv6_access_group_ingress_compress_level": null,
            "ipv6_access_group_ingress_interface_statistics": null,
            "ipv6_addresses": null,
            "ipv6_autoconfig": null,
            "ipv6_enable": null,
            "ipv6_link_local_address": null,
            "ipv6_link_local_zone": null,
            "ipv6_verify_unicast_source_reachable_via_allow_default": null,
            "ipv6_verify_unicast_source_reachable_via_allow_self_ping": null,
            "ipv6_verify_unicast_source_reachable_via_type": null,
            "l2transport": null,
            "l2transport_encapsulation_dot1q_second_dot1q": null,
            "l2transport_encapsulation_dot1q_vlan_id": null,
            "load_interval": null,
            "mtu": null,
            "multipoint": null,
            "point_to_point": null,
            "rewrite_ingress_tag_pop_one": null,
            "rewrite_ingress_tag_pop_two": null,
            "service_policy_input": null,
            "service_policy_output": null,
            "shutdown": false,
            "unnumbered": null,
            "vrf": null
          },
          "sensitive_attributes": []
        }
      ]
    },
    {
      "module": "module.sr4",
      "mode": "managed",
      "type": "iosxr_interface",
      "name": "GLB-INT-Gi3",
      "provider": "provider[\"registry.terraform.io/ciscodevnet/iosxr\"].SR-R4",
      "instances": [
        {
          "schema_version": 0,
          "attributes": {
            "bandwidth": null,
            "bfd_mode_ietf": null,
            "bundle_id": null,
            "bundle_id_mode": null,
            "bundle_load_balancing_hash_dst_ip": null,
            "bundle_load_balancing_hash_src_ip": null,
            "bundle_maximum_active_links": null,
            "bundle_minimum_active_links": null,
            "bundle_port_priority": null,
            "bundle_shutdown": null,
            "cdp": null,
            "dampening_decay_half_life_value": null,
            "delete_mode": null,
            "description": null,
            "device": null,
            "encapsulation_dot1q_vlan_id": null,
            "flow_ipv4_egress_monitor_samplers": null,
            "flow_ipv4_egress_monitors": null,
            "flow_ipv4_ingress_monitor_samplers": null,
            "flow_ipv4_ingress_monitors": null,
            "flow_ipv6_egress_monitor_samplers": null,
            "flow_ipv6_egress_monitors": null,
            "flow_ipv6_ingress_monitor_samplers": null,
            "flow_ipv6_ingress_monitors": null,
            "id": "Cisco-IOS-XR-um-interface-cfg:/interfaces/interface[interface-name=GigabitEthernet0/0/0/3]",
            "interface_name": "GigabitEthernet0/0/0/3",
            "ipv4_access_group_egress_acl": null,
            "ipv4_access_group_egress_compress_level": null,
            "ipv4_access_group_egress_hardware_count": null,
            "ipv4_access_group_egress_interface_statistics": null,
            "ipv4_access_group_ingress_acl1": null,
            "ipv4_access_group_ingress_compress_level": null,
            "ipv4_access_group_ingress_hardware_count": null,
            "ipv4_access_group_ingress_interface_statistics": null,
            "ipv4_address": null,
            "ipv4_netmask": null,
            "ipv4_point_to_point": true,
            "ipv4_verify_unicast_source_reachable_via_allow_default": null,
            "ipv4_verify_unicast_source_reachable_via_allow_self_ping": null,
            "ipv4_verify_unicast_source_reachable_via_type": null,
            "ipv6_access_group_egress_acl1": null,
            "ipv6_access_group_egress_compress_level": null,
            "ipv6_access_group_egress_interface_statistics": null,
            "ipv6_access_group_ingress_acl1": null,
            "ipv6_access_group_ingress_compress_level": null,
            "ipv6_access_group_ingress_interface_statistics": null,
            "ipv6_addresses": null,
            "ipv6_autoconfig": null,
            "ipv6_enable": null,
            "ipv6_link_local_address": null,
            "ipv6_link_local_zone": null,
            "ipv6_verify_unicast_source_reachable_via_allow_default": null,
            "ipv6_verify_unicast_source_reachable_via_allow_self_ping": null,
            "ipv6_verify_unicast_source_reachable_via_type": null,
            "l2transport": null,
            "l2transport_encapsulation_dot1q_second_dot1q": null,
            "l2transport_encapsulation_dot1q_vlan_id": null,
            "load_interval": null,
            "mtu": null,
            "multipoint": null,
            "point_to_point": null,
            "rewrite_ingress_tag_pop_one": null,
            "rewrite_ingress_tag_pop_two": null,
            "service_policy_input": null,
            "service_policy_output": null,
            "shutdown": false,
            "unnumbered": null,
            "vrf": null
          },
          "sensitive_attributes": []
        }
      ]
    },
    {
      "module": "module.sr4",
      "mode": "managed",
      "type": "iosxr_router_isis",
      "name": "GLB-ISIS",
      "provider": "provider[\"registry.terraform.io/ciscodevnet/iosxr\"].SR-R4",
      "instances": [
        {
          "schema_version": 0,
          "attributes": {
            "affinity_maps": null,
            "delete_mode": null,
            "device": null,
            "distribute_link_state_instance_id": null,
            "distribute_link_state_level": 2,
            "distribute_link_state_throttle": null,
            "flex_algos": null,
            "id": "Cisco-IOS-XR-um-router-isis-cfg:/router/isis/processes/process[process-id=1]",
            "interfaces": null,
            "is_type": "level-1",
            "log_adjacency_changes": null,
            "lsp_gen_interval_initial_wait": null,
            "lsp_gen_interval_maximum_wait": null,
            "lsp_gen_interval_secondary_wait": null,
            "lsp_password_keychain": null,
            "lsp_refresh_interval": null,
            "max_lsp_lifetime": null,
            "nets": null,
            "nsf_cisco": null,
            "nsf_ietf": null,
            "nsf_interface_expires": null,
            "nsf_interface_timer": null,
            "nsf_lifetime": null,
            "nsr": null,
            "process_id": "1",
            "set_overload_bit_advertise_external": null,
            "set_overload_bit_advertise_interlevel": null,
            "set_overload_bit_levels": null,
            "set_overload_bit_on_startup_advertise_as_overloaded": null,
            "set_overload_bit_on_startup_advertise_as_overloaded_time_to_advertise": null,
            "set_overload_bit_on_startup_wait_for_bgp": null
          },
          "sensitive_attributes": []
        }
      ]
    },
    {
      "module": "module.sr4",
      "mode": "managed",
      "type": "iosxr_router_isis_address_family",
      "name": "GLB-ISIS-AF",
      "provider": "provider[\"registry.terraform.io/ciscodevnet/iosxr\"].SR-R4",
      "instances": [
        {
          "schema_version": 0,
          "attributes": {
            "advertise_link_attributes": null,
            "advertise_passive_only": null,
            "af_name": "ipv4",
            "default_information_originate": null,
            "delete_mode": null,
            "device": null,
            "fast_reroute_delay_interval": null,
            "fast_reroute_per_link_priority_limit_critical": null,
            "fast_reroute_per_link_priority_limit_high": null,
            "fast_reroute_per_link_priority_limit_medium": null,
            "fast_reroute_per_prefix_priority_limit_critical": null,
            "fast_reroute_per_prefix_priority_limit_high": null,
            "fast_reroute_per_prefix_priority_limit_medium": null,
            "id": "Cisco-IOS-XR-um-router-isis-cfg:/router/isis/processes/process[process-id=1]/address-families/address-family[af-name=ipv4][saf-name=unicast]",
            "maximum_redistributed_prefixes": null,
            "maximum_redistributed_prefixes_levels": null,
            "metric_style_levels": null,
            "metric_style_narrow": null,
            "metric_style_transition": null,
            "metric_style_wide": null,
            "microloop_avoidance_protected": null,
            "microloop_avoidance_segment_routing": null,
            "mpls_ldp_auto_config": null,
            "mpls_traffic_eng_level_1": null,
            "mpls_traffic_eng_level_1_2": null,
            "mpls_traffic_eng_level_2_only": null,
            "mpls_traffic_eng_router_id_interface": null,
            "mpls_traffic_eng_router_id_ip_address": null,
            "process_id": "1",
            "redistribute_isis": null,
            "router_id_interface_name": null,
            "router_id_ip_address": null,
            "saf_name": "unicast",
            "segment_routing_mpls_sr_prefer": true,
            "segment_routing_srv6_locators": null,
            "spf_interval_initial_wait": null,
            "spf_interval_maximum_wait": null,
            "spf_interval_secondary_wait": null,
            "spf_prefix_priorities": null
          },
          "sensitive_attributes": []
        }
      ]
    },
    {
      "module": "module.sr4",
      "mode": "managed",
      "type": "iosxr_router_isis_address_family",
      "name": "GLB-SR-AF",
      "provider": "provider[\"registry.terraform.io/ciscodevnet/iosxr\"].SR-R4",
      "instances": [
        {
          "schema_version": 0,
          "attributes": {
            "advertise_link_attributes": null,
            "advertise_passive_only": null,
            "af_name": "ipv4",
            "default_information_originate": null,
            "delete_mode": null,
            "device": null,
            "fast_reroute_delay_interval": null,
            "fast_reroute_per_link_priority_limit_critical": null,
            "fast_reroute_per_link_priority_limit_high": null,
            "fast_reroute_per_link_priority_limit_medium": null,
            "fast_reroute_per_prefix_priority_limit_critical": null,
            "fast_reroute_per_prefix_priority_limit_high": null,
            "fast_reroute_per_prefix_priority_limit_medium": null,
            "id": "Cisco-IOS-XR-um-router-isis-cfg:/router/isis/processes/process[process-id=1]/address-families/address-family[af-name=ipv4][saf-name=unicast]",
            "maximum_redistributed_prefixes": null,
            "maximum_redistributed_prefixes_levels": null,
            "metric_style_levels": null,
            "metric_style_narrow": null,
            "metric_style_transition": null,
            "metric_style_wide": true,
            "microloop_avoidance_protected": null,
            "microloop_avoidance_segment_routing": null,
            "mpls_ldp_auto_config": null,
            "mpls_traffic_eng_level_1": null,
            "mpls_traffic_eng_level_1_2": null,
            "mpls_traffic_eng_level_2_only": null,
            "mpls_traffic_eng_router_id_interface": null,
            "mpls_traffic_eng_router_id_ip_address": null,
            "process_id": "1",
            "redistribute_isis": null,
            "router_id_interface_name": null,
            "router_id_ip_address": null,
            "saf_name": "unicast",
            "segment_routing_mpls_sr_prefer": null,
            "segment_routing_srv6_locators": null,
            "spf_interval_initial_wait": null,
            "spf_interval_maximum_wait": null,
            "spf_interval_secondary_wait": null,
            "spf_prefix_priorities": null
          },
          "sensitive_attributes": []
        }
      ]
    },
    {
      "module": "module.sr4",
      "mode": "managed",
      "type": "iosxr_router_isis_interface_address_family",
      "name": "GLB-ISIS-AF-Gi1",
      "provider": "provider[\"registry.terraform.io/ciscodevnet/iosxr\"].SR-R4",
      "instances": [
        {
          "schema_version": 0,
          "attributes": {
            "advertise_prefix_route_policy": null,
            "af_name": "ipv4",
            "delete_mode": null,
            "device": null,
            "fast_reroute_per_prefix": null,
            "fast_reroute_per_prefix_levels": null,
            "fast_reroute_per_prefix_ti_lfa": null,
            "id": "Cisco-IOS-XR-um-router-isis-cfg:/router/isis/processes/process[process-id=1]/interfaces/interface[interface-name=GigabitEthernet0/0/0/1]/address-families/address-family[af-name=ipv4][saf-name=unicast]",
            "interface_name": "GigabitEthernet0/0/0/1",
            "metric": null,
            "metric_levels": null,
            "metric_maximum": null,
            "prefix_sid_absolute": null,
            "prefix_sid_index": null,
            "prefix_sid_n_flag_clear": null,
            "prefix_sid_strict_spf_absolute": null,
            "process_id": "1",
            "saf_name": "unicast",
            "tag": null
          },
          "sensitive_attributes": []
        }
      ]
    },
    {
      "module": "module.sr4",
      "mode": "managed",
      "type": "iosxr_router_isis_interface_address_family",
      "name": "GLB-ISIS-AF-Gi2",
      "provider": "provider[\"registry.terraform.io/ciscodevnet/iosxr\"].SR-R4",
      "instances": [
        {
          "schema_version": 0,
          "attributes": {
            "advertise_prefix_route_policy": null,
            "af_name": "ipv4",
            "delete_mode": null,
            "device": null,
            "fast_reroute_per_prefix": null,
            "fast_reroute_per_prefix_levels": null,
            "fast_reroute_per_prefix_ti_lfa": null,
            "id": "Cisco-IOS-XR-um-router-isis-cfg:/router/isis/processes/process[process-id=1]/interfaces/interface[interface-name=GigabitEthernet0/0/0/2]/address-families/address-family[af-name=ipv4][saf-name=unicast]",
            "interface_name": "GigabitEthernet0/0/0/2",
            "metric": null,
            "metric_levels": null,
            "metric_maximum": null,
            "prefix_sid_absolute": null,
            "prefix_sid_index": null,
            "prefix_sid_n_flag_clear": null,
            "prefix_sid_strict_spf_absolute": null,
            "process_id": "1",
            "saf_name": "unicast",
            "tag": null
          },
          "sensitive_attributes": []
        }
      ]
    },
    {
      "module": "module.sr4",
      "mode": "managed",
      "type": "iosxr_segment_routing",
      "name": "GLB-SR",
      "provider": "provider[\"registry.terraform.io/ciscodevnet/iosxr\"].SR-R4",
      "instances": [
        {
          "schema_version": 0,
          "attributes": {
            "delete_mode": null,
            "device": null,
            "global_block_lower_bound": 16000,
            "global_block_upper_bound": 29999,
            "id": "Cisco-IOS-XR-segment-routing-ms-cfg:/sr",
            "local_block_lower_bound": 15000,
            "local_block_upper_bound": 15999
          },
          "sensitive_attributes": []
        }
      ]
    }
  ],
  "check_results": null
}
